// !$*UTF8*$!
{
	archiveVersion = 1;
	classes = {
	};
	objectVersion = 56;
	objects = {

/* Begin PBXBuildFile section */
		2DA355DB2A78E0E80037D9AF /* Lottie in Frameworks */ = {isa = PBXBuildFile; productRef = 2DA355DA2A78E0E80037D9AF /* Lottie */; };
		2DA355DE2A7944380037D9AF /* ShopHeaderView.swift in Sources */ = {isa = PBXBuildFile; fileRef = 2DA355DD2A7944380037D9AF /* ShopHeaderView.swift */; };
		2DA355E02A7947A60037D9AF /* ShopAccessoriesScrollView.swift in Sources */ = {isa = PBXBuildFile; fileRef = 2DA355DF2A7947A60037D9AF /* ShopAccessoriesScrollView.swift */; };
		2DA355E22A79B70A0037D9AF /* ShopItemData.swift in Sources */ = {isa = PBXBuildFile; fileRef = 2DA355E12A79B70A0037D9AF /* ShopItemData.swift */; };
		2DA355E42A79C2830037D9AF /* ShopItemPurchaseView.swift in Sources */ = {isa = PBXBuildFile; fileRef = 2DA355E32A79C2830037D9AF /* ShopItemPurchaseView.swift */; };
		2F1BF1902A6FB423004D9EBE /* banjjakBGM.mp3 in Resources */ = {isa = PBXBuildFile; fileRef = 2F1BF18F2A6FB423004D9EBE /* banjjakBGM.mp3 */; };
		2F2CE2302A5E52C3009043BD /* ChagokSKScene.swift in Sources */ = {isa = PBXBuildFile; fileRef = 2F2CE22F2A5E52C3009043BD /* ChagokSKScene.swift */; };
		2F2CE2322A5E52E1009043BD /* ChagokARViewContainer.swift in Sources */ = {isa = PBXBuildFile; fileRef = 2F2CE2312A5E52E1009043BD /* ChagokARViewContainer.swift */; };
		2F38EA9B2A6E3DC700889C4B /* BanjjakSKScene.swift in Sources */ = {isa = PBXBuildFile; fileRef = 2F38EA9A2A6E3DC700889C4B /* BanjjakSKScene.swift */; };
		2FF0BA052A64EEA8005B11CD /* MusicPlayer.swift in Sources */ = {isa = PBXBuildFile; fileRef = 2FF0BA042A64EEA8005B11CD /* MusicPlayer.swift */; };
		2FF0BA072A66372A005B11CD /* HapticManager.swift in Sources */ = {isa = PBXBuildFile; fileRef = 2FF0BA062A66372A005B11CD /* HapticManager.swift */; };
		2FF0BA1C2A682789005B11CD /* homescreenBGM.mp3 in Resources */ = {isa = PBXBuildFile; fileRef = 2FF0BA162A682789005B11CD /* homescreenBGM.mp3 */; };
		2FF0BA1D2A682789005B11CD /* bubbleBGM.mp3 in Resources */ = {isa = PBXBuildFile; fileRef = 2FF0BA172A682789005B11CD /* bubbleBGM.mp3 */; };
		2FF0BA1E2A682789005B11CD /* chagokBGM.mp3 in Resources */ = {isa = PBXBuildFile; fileRef = 2FF0BA182A682789005B11CD /* chagokBGM.mp3 */; };
		2FF0BA1F2A682789005B11CD /* bubbleGameOverEffect.mp3 in Resources */ = {isa = PBXBuildFile; fileRef = 2FF0BA192A682789005B11CD /* bubbleGameOverEffect.mp3 */; };
		2FF0BA202A682789005B11CD /* chagokPungEffect.mp3 in Resources */ = {isa = PBXBuildFile; fileRef = 2FF0BA1A2A682789005B11CD /* chagokPungEffect.mp3 */; };
		2FF0BA212A682789005B11CD /* bubbleBlowEffect.mp3 in Resources */ = {isa = PBXBuildFile; fileRef = 2FF0BA1B2A682789005B11CD /* bubbleBlowEffect.mp3 */; };
		2FF0BA232A682A49005B11CD /* SoundEffectPlayer.swift in Sources */ = {isa = PBXBuildFile; fileRef = 2FF0BA222A682A49005B11CD /* SoundEffectPlayer.swift */; };
		2FF0BA252A682D98005B11CD /* SoundNames.swift in Sources */ = {isa = PBXBuildFile; fileRef = 2FF0BA242A682D98005B11CD /* SoundNames.swift */; };
		600264212A6D06460035A0E1 /* BanjjakGameView.swift in Sources */ = {isa = PBXBuildFile; fileRef = 600264202A6D06460035A0E1 /* BanjjakGameView.swift */; };
		600264242A6D0C800035A0E1 /* BanjjakPauseView.swift in Sources */ = {isa = PBXBuildFile; fileRef = 600264232A6D0C800035A0E1 /* BanjjakPauseView.swift */; };
		600264262A6D0FCD0035A0E1 /* BanjjakGameOverView.swift in Sources */ = {isa = PBXBuildFile; fileRef = 600264252A6D0FCD0035A0E1 /* BanjjakGameOverView.swift */; };
		600264282A6D163E0035A0E1 /* BanjjakTutorialView.swift in Sources */ = {isa = PBXBuildFile; fileRef = 600264272A6D163E0035A0E1 /* BanjjakTutorialView.swift */; };
		6002642A2A6D1C2B0035A0E1 /* BanjjakStatus.swift in Sources */ = {isa = PBXBuildFile; fileRef = 600264292A6D1C2B0035A0E1 /* BanjjakStatus.swift */; };
		600264322A6D989B0035A0E1 /* Trill_35_05_50.mlmodel in Sources */ = {isa = PBXBuildFile; fileRef = 600264312A6D989B0035A0E1 /* Trill_35_05_50.mlmodel */; };
		600264362A6D9EDC0035A0E1 /* Voice_35_05_75.mlmodel in Sources */ = {isa = PBXBuildFile; fileRef = 600264352A6D9EDC0035A0E1 /* Voice_35_05_75.mlmodel */; };
		608059892A5E71DC007A716D /* BubbleTutorialView.swift in Sources */ = {isa = PBXBuildFile; fileRef = 608059852A5E71DC007A716D /* BubbleTutorialView.swift */; };
		6080598A2A5E71DC007A716D /* BubbleGameOverView.swift in Sources */ = {isa = PBXBuildFile; fileRef = 608059862A5E71DC007A716D /* BubbleGameOverView.swift */; };
		6080598B2A5E71DC007A716D /* BubbleStatusView.swift in Sources */ = {isa = PBXBuildFile; fileRef = 608059872A5E71DC007A716D /* BubbleStatusView.swift */; };
		608059952A5FF0EA007A716D /* BubbleStatus.swift in Sources */ = {isa = PBXBuildFile; fileRef = 608059942A5FF0EA007A716D /* BubbleStatus.swift */; };
		6080599B2A5FF5C6007A716D /* BubbleWaitingView.swift in Sources */ = {isa = PBXBuildFile; fileRef = 6080599A2A5FF5C6007A716D /* BubbleWaitingView.swift */; };
		6080599D2A60272E007A716D /* BubbleGameView.swift in Sources */ = {isa = PBXBuildFile; fileRef = 6080599C2A60272E007A716D /* BubbleGameView.swift */; };
		608059A22A62B33D007A716D /* AudioStreamObserver.swift in Sources */ = {isa = PBXBuildFile; fileRef = 608059A12A62B33D007A716D /* AudioStreamObserver.swift */; };
		608059A42A62B352007A716D /* AudioStreamManager.swift in Sources */ = {isa = PBXBuildFile; fileRef = 608059A32A62B352007A716D /* AudioStreamManager.swift */; };
		60CC5C512A6F6A5F004E33BF /* BanjjakAudioStreamManager.swift in Sources */ = {isa = PBXBuildFile; fileRef = 60CC5C502A6F6A5F004E33BF /* BanjjakAudioStreamManager.swift */; };
		60CC5C532A6F6A95004E33BF /* BanjjakAudioStreamObserver.swift in Sources */ = {isa = PBXBuildFile; fileRef = 60CC5C522A6F6A95004E33BF /* BanjjakAudioStreamObserver.swift */; };
		7813FCA42A5EBB1A00B588DA /* MultiPreview.swift in Sources */ = {isa = PBXBuildFile; fileRef = 7813FCA32A5EBB1A00B588DA /* MultiPreview.swift */; };
		784A209D2A5E8C9B0091B59F /* GameSelection.swift in Sources */ = {isa = PBXBuildFile; fileRef = 784A209C2A5E8C9B0091B59F /* GameSelection.swift */; };
		784CADAD2A6D085300B2CE6C /* BestScoreShareView.swift in Sources */ = {isa = PBXBuildFile; fileRef = 784CADAC2A6D085300B2CE6C /* BestScoreShareView.swift */; };
		784E50A42A67F76C00733796 /* CelebLottieAnima.json in Resources */ = {isa = PBXBuildFile; fileRef = 784E50A32A67F76C00733796 /* CelebLottieAnima.json */; };
		7872CA692A5CFB8C00FC8444 /* ChagokGameView.swift in Sources */ = {isa = PBXBuildFile; fileRef = 7872CA682A5CFB8C00FC8444 /* ChagokGameView.swift */; };
		7872CA6B2A5CFB9400FC8444 /* ChagokTutorialView.swift in Sources */ = {isa = PBXBuildFile; fileRef = 7872CA6A2A5CFB9400FC8444 /* ChagokTutorialView.swift */; };
		7872CA6D2A5CFBA200FC8444 /* ChagokGameOverView.swift in Sources */ = {isa = PBXBuildFile; fileRef = 7872CA6C2A5CFBA200FC8444 /* ChagokGameOverView.swift */; };
		78777F0C2A5E9594008826DA /* ChagokStatus.swift in Sources */ = {isa = PBXBuildFile; fileRef = 78777F0B2A5E9594008826DA /* ChagokStatus.swift */; };
		78777F0E2A5E9630008826DA /* ChagokPauseView.swift in Sources */ = {isa = PBXBuildFile; fileRef = 78777F0D2A5E9630008826DA /* ChagokPauseView.swift */; };
		787AEDEB2A612046007FC5EB /* CustomBlurView.swift in Sources */ = {isa = PBXBuildFile; fileRef = 787AEDEA2A612046007FC5EB /* CustomBlurView.swift */; };
		787AEDEF2A612231007FC5EB /* UIVisualEffectViewExtension.swift in Sources */ = {isa = PBXBuildFile; fileRef = 787AEDEE2A612231007FC5EB /* UIVisualEffectViewExtension.swift */; };
		787AEDF12A612276007FC5EB /* UIViewExtension.swift in Sources */ = {isa = PBXBuildFile; fileRef = 787AEDF02A612276007FC5EB /* UIViewExtension.swift */; };
		787AEDF32A6123CB007FC5EB /* NSObjectExtension.swift in Sources */ = {isa = PBXBuildFile; fileRef = 787AEDF22A6123CB007FC5EB /* NSObjectExtension.swift */; };
		788C20D62A6A4DCD00953579 /* RecordView.swift in Sources */ = {isa = PBXBuildFile; fileRef = 788C20D52A6A4DCD00953579 /* RecordView.swift */; };
		788C20DA2A6A5B5C00953579 /* RecordHexgagonView.swift in Sources */ = {isa = PBXBuildFile; fileRef = 788C20D92A6A5B5C00953579 /* RecordHexgagonView.swift */; };
		788C20DC2A6A5D1B00953579 /* Pretendard-Medium.otf in Resources */ = {isa = PBXBuildFile; fileRef = 788C20DB2A6A5D1B00953579 /* Pretendard-Medium.otf */; };
		788C20E02A6A6D0C00953579 /* RecordBestScoresView.swift in Sources */ = {isa = PBXBuildFile; fileRef = 788C20DF2A6A6D0C00953579 /* RecordBestScoresView.swift */; };
		788E4C7C2A6CF8EF00DAE596 /* RecordDailyShareView.swift in Sources */ = {isa = PBXBuildFile; fileRef = 788E4C7B2A6CF8EF00DAE596 /* RecordDailyShareView.swift */; };
		788E4C7E2A6CFB2000DAE596 /* TransferableUIImage.swift in Sources */ = {isa = PBXBuildFile; fileRef = 788E4C7D2A6CFB2000DAE596 /* TransferableUIImage.swift */; };
		789691592A77471000E24BD0 /* lottieAnima_chagok.json in Resources */ = {isa = PBXBuildFile; fileRef = 789691572A77471000E24BD0 /* lottieAnima_chagok.json */; };
		7896915A2A77471100E24BD0 /* lottieAnima_shiningBanjjak.json in Resources */ = {isa = PBXBuildFile; fileRef = 789691582A77471000E24BD0 /* lottieAnima_shiningBanjjak.json */; };
		789D890A2A78FAFE00A50B1E /* TouchedButton.swift in Sources */ = {isa = PBXBuildFile; fileRef = 789D89092A78FAFE00A50B1E /* TouchedButton.swift */; };
		789D890D2A78FC9C00A50B1E /* GameOverButtonStyle.swift in Sources */ = {isa = PBXBuildFile; fileRef = 789D890C2A78FC9C00A50B1E /* GameOverButtonStyle.swift */; };
		789D89132A791DDD00A50B1E /* GameButtonLabel.swift in Sources */ = {isa = PBXBuildFile; fileRef = 789D89122A791DDD00A50B1E /* GameButtonLabel.swift */; };
		789D89152A79223F00A50B1E /* PauseButtonStyle.swift in Sources */ = {isa = PBXBuildFile; fileRef = 789D89142A79223F00A50B1E /* PauseButtonStyle.swift */; };
		78A972CF2A76014800A97AE4 /* PostNoBillsJaffna-ExtraBold.ttf in Resources */ = {isa = PBXBuildFile; fileRef = 78A972CE2A76014800A97AE4 /* PostNoBillsJaffna-ExtraBold.ttf */; };
		78A972D12A7609D800A97AE4 /* ShopView.swift in Sources */ = {isa = PBXBuildFile; fileRef = 78A972D02A7609D800A97AE4 /* ShopView.swift */; };
		78A99CED2A66A89500474F00 /* AnyTransitionExtension.swift in Sources */ = {isa = PBXBuildFile; fileRef = 78A99CEC2A66A89500474F00 /* AnyTransitionExtension.swift */; };
		78BE77D12A5D69440028A446 /* Pretendard-Regular.otf in Resources */ = {isa = PBXBuildFile; fileRef = 78BE77CC2A5D69440028A446 /* Pretendard-Regular.otf */; };
		78BE77D22A5D69440028A446 /* Pretendard-SemiBold.otf in Resources */ = {isa = PBXBuildFile; fileRef = 78BE77CD2A5D69440028A446 /* Pretendard-SemiBold.otf */; };
		78BE77D32A5D69440028A446 /* PostNoBillsJaffna-Medium.ttf in Resources */ = {isa = PBXBuildFile; fileRef = 78BE77CE2A5D69440028A446 /* PostNoBillsJaffna-Medium.ttf */; };
		78BE77D42A5D69440028A446 /* Pretendard-Light.otf in Resources */ = {isa = PBXBuildFile; fileRef = 78BE77CF2A5D69440028A446 /* Pretendard-Light.otf */; };
		78BE77D52A5D69440028A446 /* Pretendard-Bold.otf in Resources */ = {isa = PBXBuildFile; fileRef = 78BE77D02A5D69440028A446 /* Pretendard-Bold.otf */; };
		78BE77D92A5D69B80028A446 /* PretendardText.swift in Sources */ = {isa = PBXBuildFile; fileRef = 78BE77D82A5D69B80028A446 /* PretendardText.swift */; };
		78BE77DB2A5D6A160028A446 /* FontExtension.swift in Sources */ = {isa = PBXBuildFile; fileRef = 78BE77DA2A5D6A160028A446 /* FontExtension.swift */; };
		78BE77DD2A5D6AC20028A446 /* ViewExtension.swift in Sources */ = {isa = PBXBuildFile; fileRef = 78BE77DC2A5D6AC20028A446 /* ViewExtension.swift */; };
		78BE77DF2A5D6DAA0028A446 /* PostNoBillsJaffnaText.swift in Sources */ = {isa = PBXBuildFile; fileRef = 78BE77DE2A5D6DAA0028A446 /* PostNoBillsJaffnaText.swift */; };
		78C7EF922A678A6B00460E90 /* LottieView.swift in Sources */ = {isa = PBXBuildFile; fileRef = 78C7EF912A678A6B00460E90 /* LottieView.swift */; };
		78D517C32A6BAC37005B4A6C /* Pretendard-ExtraLight.otf in Resources */ = {isa = PBXBuildFile; fileRef = 78D517C22A6BAC37005B4A6C /* Pretendard-ExtraLight.otf */; };
		78DD4FB82A5BAFC10007251D /* MC3Team18App.swift in Sources */ = {isa = PBXBuildFile; fileRef = 78DD4FB72A5BAFC10007251D /* MC3Team18App.swift */; };
		78DD4FBC2A5BAFC20007251D /* Assets.xcassets in Resources */ = {isa = PBXBuildFile; fileRef = 78DD4FBB2A5BAFC20007251D /* Assets.xcassets */; };
		78DD4FBF2A5BAFC20007251D /* Preview Assets.xcassets in Resources */ = {isa = PBXBuildFile; fileRef = 78DD4FBE2A5BAFC20007251D /* Preview Assets.xcassets */; };
		78E7C9E12A6BC30100570F4C /* TrophyView.swift in Sources */ = {isa = PBXBuildFile; fileRef = 78E7C9E02A6BC30100570F4C /* TrophyView.swift */; };
		78F38C912A6FB88400AFF4C1 /* lottieAnima_bubble.json in Resources */ = {isa = PBXBuildFile; fileRef = 78F38C902A6FB88400AFF4C1 /* lottieAnima_bubble.json */; };
		E53CEA1A2A5D3E7000BE59B9 /* HomeView.swift in Sources */ = {isa = PBXBuildFile; fileRef = E53CEA192A5D3E7000BE59B9 /* HomeView.swift */; };
		E53CEA1C2A5D42EA00BE59B9 /* SplashView.swift in Sources */ = {isa = PBXBuildFile; fileRef = E53CEA1B2A5D42EA00BE59B9 /* SplashView.swift */; };
		E53CEA1E2A5E23E200BE59B9 /* ColorExtension.swift in Sources */ = {isa = PBXBuildFile; fileRef = E53CEA1D2A5E23E200BE59B9 /* ColorExtension.swift */; };
/* End PBXBuildFile section */

/* Begin PBXFileReference section */
		2DA355DD2A7944380037D9AF /* ShopHeaderView.swift */ = {isa = PBXFileReference; lastKnownFileType = sourcecode.swift; path = ShopHeaderView.swift; sourceTree = "<group>"; };
		2DA355DF2A7947A60037D9AF /* ShopAccessoriesScrollView.swift */ = {isa = PBXFileReference; lastKnownFileType = sourcecode.swift; path = ShopAccessoriesScrollView.swift; sourceTree = "<group>"; };
		2DA355E12A79B70A0037D9AF /* ShopItemData.swift */ = {isa = PBXFileReference; lastKnownFileType = sourcecode.swift; path = ShopItemData.swift; sourceTree = "<group>"; };
		2DA355E32A79C2830037D9AF /* ShopItemPurchaseView.swift */ = {isa = PBXFileReference; lastKnownFileType = sourcecode.swift; path = ShopItemPurchaseView.swift; sourceTree = "<group>"; };
		2F1BF18F2A6FB423004D9EBE /* banjjakBGM.mp3 */ = {isa = PBXFileReference; lastKnownFileType = audio.mp3; path = banjjakBGM.mp3; sourceTree = "<group>"; };
		2F2CE22F2A5E52C3009043BD /* ChagokSKScene.swift */ = {isa = PBXFileReference; lastKnownFileType = sourcecode.swift; path = ChagokSKScene.swift; sourceTree = "<group>"; };
		2F2CE2312A5E52E1009043BD /* ChagokARViewContainer.swift */ = {isa = PBXFileReference; lastKnownFileType = sourcecode.swift; path = ChagokARViewContainer.swift; sourceTree = "<group>"; };
		2F38EA9A2A6E3DC700889C4B /* BanjjakSKScene.swift */ = {isa = PBXFileReference; lastKnownFileType = sourcecode.swift; path = BanjjakSKScene.swift; sourceTree = "<group>"; };
		2FF0BA042A64EEA8005B11CD /* MusicPlayer.swift */ = {isa = PBXFileReference; lastKnownFileType = sourcecode.swift; path = MusicPlayer.swift; sourceTree = "<group>"; };
		2FF0BA062A66372A005B11CD /* HapticManager.swift */ = {isa = PBXFileReference; lastKnownFileType = sourcecode.swift; path = HapticManager.swift; sourceTree = "<group>"; };
		2FF0BA162A682789005B11CD /* homescreenBGM.mp3 */ = {isa = PBXFileReference; lastKnownFileType = audio.mp3; path = homescreenBGM.mp3; sourceTree = "<group>"; };
		2FF0BA172A682789005B11CD /* bubbleBGM.mp3 */ = {isa = PBXFileReference; lastKnownFileType = audio.mp3; path = bubbleBGM.mp3; sourceTree = "<group>"; };
		2FF0BA182A682789005B11CD /* chagokBGM.mp3 */ = {isa = PBXFileReference; lastKnownFileType = audio.mp3; path = chagokBGM.mp3; sourceTree = "<group>"; };
		2FF0BA192A682789005B11CD /* bubbleGameOverEffect.mp3 */ = {isa = PBXFileReference; lastKnownFileType = audio.mp3; path = bubbleGameOverEffect.mp3; sourceTree = "<group>"; };
		2FF0BA1A2A682789005B11CD /* chagokPungEffect.mp3 */ = {isa = PBXFileReference; lastKnownFileType = audio.mp3; path = chagokPungEffect.mp3; sourceTree = "<group>"; };
		2FF0BA1B2A682789005B11CD /* bubbleBlowEffect.mp3 */ = {isa = PBXFileReference; lastKnownFileType = audio.mp3; path = bubbleBlowEffect.mp3; sourceTree = "<group>"; };
		2FF0BA222A682A49005B11CD /* SoundEffectPlayer.swift */ = {isa = PBXFileReference; lastKnownFileType = sourcecode.swift; path = SoundEffectPlayer.swift; sourceTree = "<group>"; };
		2FF0BA242A682D98005B11CD /* SoundNames.swift */ = {isa = PBXFileReference; lastKnownFileType = sourcecode.swift; path = SoundNames.swift; sourceTree = "<group>"; };
		600264202A6D06460035A0E1 /* BanjjakGameView.swift */ = {isa = PBXFileReference; lastKnownFileType = sourcecode.swift; path = BanjjakGameView.swift; sourceTree = "<group>"; };
		600264232A6D0C800035A0E1 /* BanjjakPauseView.swift */ = {isa = PBXFileReference; lastKnownFileType = sourcecode.swift; path = BanjjakPauseView.swift; sourceTree = "<group>"; };
		600264252A6D0FCD0035A0E1 /* BanjjakGameOverView.swift */ = {isa = PBXFileReference; lastKnownFileType = sourcecode.swift; path = BanjjakGameOverView.swift; sourceTree = "<group>"; };
		600264272A6D163E0035A0E1 /* BanjjakTutorialView.swift */ = {isa = PBXFileReference; lastKnownFileType = sourcecode.swift; path = BanjjakTutorialView.swift; sourceTree = "<group>"; };
		600264292A6D1C2B0035A0E1 /* BanjjakStatus.swift */ = {isa = PBXFileReference; lastKnownFileType = sourcecode.swift; path = BanjjakStatus.swift; sourceTree = "<group>"; };
		600264312A6D989B0035A0E1 /* Trill_35_05_50.mlmodel */ = {isa = PBXFileReference; lastKnownFileType = file.mlmodel; path = Trill_35_05_50.mlmodel; sourceTree = "<group>"; };
		600264352A6D9EDC0035A0E1 /* Voice_35_05_75.mlmodel */ = {isa = PBXFileReference; lastKnownFileType = file.mlmodel; path = Voice_35_05_75.mlmodel; sourceTree = "<group>"; };
		608059852A5E71DC007A716D /* BubbleTutorialView.swift */ = {isa = PBXFileReference; fileEncoding = 4; lastKnownFileType = sourcecode.swift; path = BubbleTutorialView.swift; sourceTree = "<group>"; };
		608059862A5E71DC007A716D /* BubbleGameOverView.swift */ = {isa = PBXFileReference; fileEncoding = 4; lastKnownFileType = sourcecode.swift; path = BubbleGameOverView.swift; sourceTree = "<group>"; };
		608059872A5E71DC007A716D /* BubbleStatusView.swift */ = {isa = PBXFileReference; fileEncoding = 4; lastKnownFileType = sourcecode.swift; path = BubbleStatusView.swift; sourceTree = "<group>"; };
		608059942A5FF0EA007A716D /* BubbleStatus.swift */ = {isa = PBXFileReference; lastKnownFileType = sourcecode.swift; path = BubbleStatus.swift; sourceTree = "<group>"; };
		6080599A2A5FF5C6007A716D /* BubbleWaitingView.swift */ = {isa = PBXFileReference; lastKnownFileType = sourcecode.swift; path = BubbleWaitingView.swift; sourceTree = "<group>"; };
		6080599C2A60272E007A716D /* BubbleGameView.swift */ = {isa = PBXFileReference; lastKnownFileType = sourcecode.swift; path = BubbleGameView.swift; sourceTree = "<group>"; };
		608059A12A62B33D007A716D /* AudioStreamObserver.swift */ = {isa = PBXFileReference; lastKnownFileType = sourcecode.swift; path = AudioStreamObserver.swift; sourceTree = "<group>"; };
		608059A32A62B352007A716D /* AudioStreamManager.swift */ = {isa = PBXFileReference; lastKnownFileType = sourcecode.swift; path = AudioStreamManager.swift; sourceTree = "<group>"; };
		60CC5C502A6F6A5F004E33BF /* BanjjakAudioStreamManager.swift */ = {isa = PBXFileReference; lastKnownFileType = sourcecode.swift; path = BanjjakAudioStreamManager.swift; sourceTree = "<group>"; };
		60CC5C522A6F6A95004E33BF /* BanjjakAudioStreamObserver.swift */ = {isa = PBXFileReference; lastKnownFileType = sourcecode.swift; path = BanjjakAudioStreamObserver.swift; sourceTree = "<group>"; };
		7813FCA32A5EBB1A00B588DA /* MultiPreview.swift */ = {isa = PBXFileReference; lastKnownFileType = sourcecode.swift; path = MultiPreview.swift; sourceTree = "<group>"; };
		784A209C2A5E8C9B0091B59F /* GameSelection.swift */ = {isa = PBXFileReference; lastKnownFileType = sourcecode.swift; path = GameSelection.swift; sourceTree = "<group>"; };
		784CADAC2A6D085300B2CE6C /* BestScoreShareView.swift */ = {isa = PBXFileReference; lastKnownFileType = sourcecode.swift; path = BestScoreShareView.swift; sourceTree = "<group>"; };
		784E50A32A67F76C00733796 /* CelebLottieAnima.json */ = {isa = PBXFileReference; fileEncoding = 4; lastKnownFileType = text.json; path = CelebLottieAnima.json; sourceTree = "<group>"; };
		7872CA682A5CFB8C00FC8444 /* ChagokGameView.swift */ = {isa = PBXFileReference; lastKnownFileType = sourcecode.swift; path = ChagokGameView.swift; sourceTree = "<group>"; };
		7872CA6A2A5CFB9400FC8444 /* ChagokTutorialView.swift */ = {isa = PBXFileReference; lastKnownFileType = sourcecode.swift; path = ChagokTutorialView.swift; sourceTree = "<group>"; };
		7872CA6C2A5CFBA200FC8444 /* ChagokGameOverView.swift */ = {isa = PBXFileReference; lastKnownFileType = sourcecode.swift; path = ChagokGameOverView.swift; sourceTree = "<group>"; };
		78777F0B2A5E9594008826DA /* ChagokStatus.swift */ = {isa = PBXFileReference; lastKnownFileType = sourcecode.swift; path = ChagokStatus.swift; sourceTree = "<group>"; };
		78777F0D2A5E9630008826DA /* ChagokPauseView.swift */ = {isa = PBXFileReference; lastKnownFileType = sourcecode.swift; path = ChagokPauseView.swift; sourceTree = "<group>"; };
		787AEDEA2A612046007FC5EB /* CustomBlurView.swift */ = {isa = PBXFileReference; lastKnownFileType = sourcecode.swift; path = CustomBlurView.swift; sourceTree = "<group>"; };
		787AEDEE2A612231007FC5EB /* UIVisualEffectViewExtension.swift */ = {isa = PBXFileReference; lastKnownFileType = sourcecode.swift; path = UIVisualEffectViewExtension.swift; sourceTree = "<group>"; };
		787AEDF02A612276007FC5EB /* UIViewExtension.swift */ = {isa = PBXFileReference; lastKnownFileType = sourcecode.swift; path = UIViewExtension.swift; sourceTree = "<group>"; };
		787AEDF22A6123CB007FC5EB /* NSObjectExtension.swift */ = {isa = PBXFileReference; lastKnownFileType = sourcecode.swift; path = NSObjectExtension.swift; sourceTree = "<group>"; };
		788C20D52A6A4DCD00953579 /* RecordView.swift */ = {isa = PBXFileReference; lastKnownFileType = sourcecode.swift; path = RecordView.swift; sourceTree = "<group>"; };
		788C20D92A6A5B5C00953579 /* RecordHexgagonView.swift */ = {isa = PBXFileReference; lastKnownFileType = sourcecode.swift; path = RecordHexgagonView.swift; sourceTree = "<group>"; };
		788C20DB2A6A5D1B00953579 /* Pretendard-Medium.otf */ = {isa = PBXFileReference; lastKnownFileType = file; path = "Pretendard-Medium.otf"; sourceTree = "<group>"; };
		788C20DF2A6A6D0C00953579 /* RecordBestScoresView.swift */ = {isa = PBXFileReference; lastKnownFileType = sourcecode.swift; path = RecordBestScoresView.swift; sourceTree = "<group>"; };
		788E4C7B2A6CF8EF00DAE596 /* RecordDailyShareView.swift */ = {isa = PBXFileReference; lastKnownFileType = sourcecode.swift; path = RecordDailyShareView.swift; sourceTree = "<group>"; };
		788E4C7D2A6CFB2000DAE596 /* TransferableUIImage.swift */ = {isa = PBXFileReference; lastKnownFileType = sourcecode.swift; path = TransferableUIImage.swift; sourceTree = "<group>"; };
		789691572A77471000E24BD0 /* lottieAnima_chagok.json */ = {isa = PBXFileReference; fileEncoding = 4; lastKnownFileType = text.json; path = lottieAnima_chagok.json; sourceTree = "<group>"; };
		789691582A77471000E24BD0 /* lottieAnima_shiningBanjjak.json */ = {isa = PBXFileReference; fileEncoding = 4; lastKnownFileType = text.json; path = lottieAnima_shiningBanjjak.json; sourceTree = "<group>"; };
		789D89092A78FAFE00A50B1E /* TouchedButton.swift */ = {isa = PBXFileReference; lastKnownFileType = sourcecode.swift; path = TouchedButton.swift; sourceTree = "<group>"; };
		789D890C2A78FC9C00A50B1E /* GameOverButtonStyle.swift */ = {isa = PBXFileReference; lastKnownFileType = sourcecode.swift; path = GameOverButtonStyle.swift; sourceTree = "<group>"; };
		789D89122A791DDD00A50B1E /* GameButtonLabel.swift */ = {isa = PBXFileReference; fileEncoding = 4; lastKnownFileType = sourcecode.swift; path = GameButtonLabel.swift; sourceTree = "<group>"; };
		789D89142A79223F00A50B1E /* PauseButtonStyle.swift */ = {isa = PBXFileReference; lastKnownFileType = sourcecode.swift; path = PauseButtonStyle.swift; sourceTree = "<group>"; };
		78A972CE2A76014800A97AE4 /* PostNoBillsJaffna-ExtraBold.ttf */ = {isa = PBXFileReference; lastKnownFileType = file; path = "PostNoBillsJaffna-ExtraBold.ttf"; sourceTree = "<group>"; };
		78A972D02A7609D800A97AE4 /* ShopView.swift */ = {isa = PBXFileReference; lastKnownFileType = sourcecode.swift; path = ShopView.swift; sourceTree = "<group>"; };
		78A99CEC2A66A89500474F00 /* AnyTransitionExtension.swift */ = {isa = PBXFileReference; lastKnownFileType = sourcecode.swift; path = AnyTransitionExtension.swift; sourceTree = "<group>"; };
		78BE77CC2A5D69440028A446 /* Pretendard-Regular.otf */ = {isa = PBXFileReference; lastKnownFileType = file; path = "Pretendard-Regular.otf"; sourceTree = "<group>"; };
		78BE77CD2A5D69440028A446 /* Pretendard-SemiBold.otf */ = {isa = PBXFileReference; lastKnownFileType = file; path = "Pretendard-SemiBold.otf"; sourceTree = "<group>"; };
		78BE77CE2A5D69440028A446 /* PostNoBillsJaffna-Medium.ttf */ = {isa = PBXFileReference; lastKnownFileType = file; path = "PostNoBillsJaffna-Medium.ttf"; sourceTree = "<group>"; };
		78BE77CF2A5D69440028A446 /* Pretendard-Light.otf */ = {isa = PBXFileReference; lastKnownFileType = file; path = "Pretendard-Light.otf"; sourceTree = "<group>"; };
		78BE77D02A5D69440028A446 /* Pretendard-Bold.otf */ = {isa = PBXFileReference; lastKnownFileType = file; path = "Pretendard-Bold.otf"; sourceTree = "<group>"; };
		78BE77D82A5D69B80028A446 /* PretendardText.swift */ = {isa = PBXFileReference; lastKnownFileType = sourcecode.swift; path = PretendardText.swift; sourceTree = "<group>"; };
		78BE77DA2A5D6A160028A446 /* FontExtension.swift */ = {isa = PBXFileReference; lastKnownFileType = sourcecode.swift; path = FontExtension.swift; sourceTree = "<group>"; };
		78BE77DC2A5D6AC20028A446 /* ViewExtension.swift */ = {isa = PBXFileReference; lastKnownFileType = sourcecode.swift; path = ViewExtension.swift; sourceTree = "<group>"; };
		78BE77DE2A5D6DAA0028A446 /* PostNoBillsJaffnaText.swift */ = {isa = PBXFileReference; lastKnownFileType = sourcecode.swift; path = PostNoBillsJaffnaText.swift; sourceTree = "<group>"; };
		78C7EF912A678A6B00460E90 /* LottieView.swift */ = {isa = PBXFileReference; lastKnownFileType = sourcecode.swift; path = LottieView.swift; sourceTree = "<group>"; };
		78D517C22A6BAC37005B4A6C /* Pretendard-ExtraLight.otf */ = {isa = PBXFileReference; lastKnownFileType = file; path = "Pretendard-ExtraLight.otf"; sourceTree = "<group>"; };
		78DD4FB42A5BAFC10007251D /* MC3Team18.app */ = {isa = PBXFileReference; explicitFileType = wrapper.application; includeInIndex = 0; path = MC3Team18.app; sourceTree = BUILT_PRODUCTS_DIR; };
		78DD4FB72A5BAFC10007251D /* MC3Team18App.swift */ = {isa = PBXFileReference; lastKnownFileType = sourcecode.swift; path = MC3Team18App.swift; sourceTree = "<group>"; };
		78DD4FBB2A5BAFC20007251D /* Assets.xcassets */ = {isa = PBXFileReference; lastKnownFileType = folder.assetcatalog; path = Assets.xcassets; sourceTree = "<group>"; };
		78DD4FBE2A5BAFC20007251D /* Preview Assets.xcassets */ = {isa = PBXFileReference; lastKnownFileType = folder.assetcatalog; path = "Preview Assets.xcassets"; sourceTree = "<group>"; };
		78E7C9E02A6BC30100570F4C /* TrophyView.swift */ = {isa = PBXFileReference; lastKnownFileType = sourcecode.swift; path = TrophyView.swift; sourceTree = "<group>"; };
		78F38C902A6FB88400AFF4C1 /* lottieAnima_bubble.json */ = {isa = PBXFileReference; fileEncoding = 4; lastKnownFileType = text.json; path = lottieAnima_bubble.json; sourceTree = "<group>"; };
		E53CEA192A5D3E7000BE59B9 /* HomeView.swift */ = {isa = PBXFileReference; lastKnownFileType = sourcecode.swift; path = HomeView.swift; sourceTree = "<group>"; };
		E53CEA1B2A5D42EA00BE59B9 /* SplashView.swift */ = {isa = PBXFileReference; lastKnownFileType = sourcecode.swift; path = SplashView.swift; sourceTree = "<group>"; };
		E53CEA1D2A5E23E200BE59B9 /* ColorExtension.swift */ = {isa = PBXFileReference; lastKnownFileType = sourcecode.swift; path = ColorExtension.swift; sourceTree = "<group>"; };
/* End PBXFileReference section */

/* Begin PBXFrameworksBuildPhase section */
		78DD4FB12A5BAFC10007251D /* Frameworks */ = {
			isa = PBXFrameworksBuildPhase;
			buildActionMask = 2147483647;
			files = (
				2DA355DB2A78E0E80037D9AF /* Lottie in Frameworks */,
			);
			runOnlyForDeploymentPostprocessing = 0;
		};
/* End PBXFrameworksBuildPhase section */

/* Begin PBXGroup section */
		2DA355DC2A7943E60037D9AF /* Shop */ = {
			isa = PBXGroup;
			children = (
				2DA355DD2A7944380037D9AF /* ShopHeaderView.swift */,
				2DA355DF2A7947A60037D9AF /* ShopAccessoriesScrollView.swift */,
				2DA355E32A79C2830037D9AF /* ShopItemPurchaseView.swift */,
			);
			path = Shop;
			sourceTree = "<group>";
		};
		2FF0B9DF2A64E236005B11CD /* Sound */ = {
			isa = PBXGroup;
			children = (
				2F1BF18F2A6FB423004D9EBE /* banjjakBGM.mp3 */,
				2FF0BA172A682789005B11CD /* bubbleBGM.mp3 */,
				2FF0BA1B2A682789005B11CD /* bubbleBlowEffect.mp3 */,
				2FF0BA192A682789005B11CD /* bubbleGameOverEffect.mp3 */,
				2FF0BA182A682789005B11CD /* chagokBGM.mp3 */,
				2FF0BA1A2A682789005B11CD /* chagokPungEffect.mp3 */,
				2FF0BA162A682789005B11CD /* homescreenBGM.mp3 */,
			);
			path = Sound;
			sourceTree = "<group>";
		};
		2FF0BA032A64EE8D005B11CD /* Utils */ = {
			isa = PBXGroup;
			children = (
				2FF0BA042A64EEA8005B11CD /* MusicPlayer.swift */,
				2FF0BA062A66372A005B11CD /* HapticManager.swift */,
				2FF0BA222A682A49005B11CD /* SoundEffectPlayer.swift */,
				788E4C7D2A6CFB2000DAE596 /* TransferableUIImage.swift */,
			);
			path = Utils;
			sourceTree = "<group>";
		};
		600264222A6D064F0035A0E1 /* Banjjak */ = {
			isa = PBXGroup;
			children = (
				600264272A6D163E0035A0E1 /* BanjjakTutorialView.swift */,
				600264202A6D06460035A0E1 /* BanjjakGameView.swift */,
				600264232A6D0C800035A0E1 /* BanjjakPauseView.swift */,
				600264252A6D0FCD0035A0E1 /* BanjjakGameOverView.swift */,
				2F38EA9A2A6E3DC700889C4B /* BanjjakSKScene.swift */,
				60CC5C502A6F6A5F004E33BF /* BanjjakAudioStreamManager.swift */,
				60CC5C522A6F6A95004E33BF /* BanjjakAudioStreamObserver.swift */,
			);
			path = Banjjak;
			sourceTree = "<group>";
		};
		6080598D2A5E723C007A716D /* Bubble */ = {
			isa = PBXGroup;
			children = (
				608059872A5E71DC007A716D /* BubbleStatusView.swift */,
				608059852A5E71DC007A716D /* BubbleTutorialView.swift */,
				6080599A2A5FF5C6007A716D /* BubbleWaitingView.swift */,
				6080599C2A60272E007A716D /* BubbleGameView.swift */,
				608059862A5E71DC007A716D /* BubbleGameOverView.swift */,
				608059A12A62B33D007A716D /* AudioStreamObserver.swift */,
				608059A32A62B352007A716D /* AudioStreamManager.swift */,
			);
			path = Bubble;
			sourceTree = "<group>";
		};
		784CADAB2A6D082700B2CE6C /* Games */ = {
			isa = PBXGroup;
			children = (
				784CADAC2A6D085300B2CE6C /* BestScoreShareView.swift */,
				789D89122A791DDD00A50B1E /* GameButtonLabel.swift */,
				789D89092A78FAFE00A50B1E /* TouchedButton.swift */,
			);
			path = Games;
			sourceTree = "<group>";
		};
		78777F082A5E8E36008826DA /* Enum */ = {
			isa = PBXGroup;
			children = (
				784A209C2A5E8C9B0091B59F /* GameSelection.swift */,
				78777F0B2A5E9594008826DA /* ChagokStatus.swift */,
				608059942A5FF0EA007A716D /* BubbleStatus.swift */,
				2FF0BA242A682D98005B11CD /* SoundNames.swift */,
				600264292A6D1C2B0035A0E1 /* BanjjakStatus.swift */,
				2DA355E12A79B70A0037D9AF /* ShopItemData.swift */,
			);
			path = Enum;
			sourceTree = "<group>";
		};
		788C20D82A6A5A3000953579 /* Record */ = {
			isa = PBXGroup;
			children = (
				788C20D92A6A5B5C00953579 /* RecordHexgagonView.swift */,
				788C20DF2A6A6D0C00953579 /* RecordBestScoresView.swift */,
				788E4C7B2A6CF8EF00DAE596 /* RecordDailyShareView.swift */,
			);
			path = Record;
			sourceTree = "<group>";
		};
		789D890B2A78FC8600A50B1E /* Style */ = {
			isa = PBXGroup;
			children = (
				789D890C2A78FC9C00A50B1E /* GameOverButtonStyle.swift */,
				789D89142A79223F00A50B1E /* PauseButtonStyle.swift */,
			);
			path = Style;
			sourceTree = "<group>";
		};
		78BE77C92A5D4E8B0028A446 /* Chagok */ = {
			isa = PBXGroup;
			children = (
				7872CA682A5CFB8C00FC8444 /* ChagokGameView.swift */,
				7872CA6A2A5CFB9400FC8444 /* ChagokTutorialView.swift */,
				7872CA6C2A5CFBA200FC8444 /* ChagokGameOverView.swift */,
				2F2CE22F2A5E52C3009043BD /* ChagokSKScene.swift */,
				2F2CE2312A5E52E1009043BD /* ChagokARViewContainer.swift */,
				78777F0D2A5E9630008826DA /* ChagokPauseView.swift */,
			);
			path = Chagok;
			sourceTree = "<group>";
		};
		78C7EF932A678ADE00460E90 /* Lottie */ = {
			isa = PBXGroup;
			children = (
				78F38C902A6FB88400AFF4C1 /* lottieAnima_bubble.json */,
				789691572A77471000E24BD0 /* lottieAnima_chagok.json */,
				789691582A77471000E24BD0 /* lottieAnima_shiningBanjjak.json */,
				784E50A32A67F76C00733796 /* CelebLottieAnima.json */,
			);
			path = Lottie;
			sourceTree = "<group>";
		};
		78DD4FAB2A5BAFC10007251D = {
			isa = PBXGroup;
			children = (
				78DD4FB62A5BAFC10007251D /* MC3Team18 */,
				78DD4FB52A5BAFC10007251D /* Products */,
			);
			sourceTree = "<group>";
		};
		78DD4FB52A5BAFC10007251D /* Products */ = {
			isa = PBXGroup;
			children = (
				78DD4FB42A5BAFC10007251D /* MC3Team18.app */,
			);
			name = Products;
			sourceTree = "<group>";
		};
		78DD4FB62A5BAFC10007251D /* MC3Team18 */ = {
			isa = PBXGroup;
			children = (
				78DD4FB72A5BAFC10007251D /* MC3Team18App.swift */,
				78DD4FC92A5BB0370007251D /* Resources */,
				78DD4FCC2A5BB04C0007251D /* View */,
				78DD4FCB2A5BB04A0007251D /* Model */,
				78DD4FBD2A5BAFC20007251D /* Preview Content */,
				78DD4FC52A5BB0140007251D /* Global */,
			);
			path = MC3Team18;
			sourceTree = "<group>";
		};
		78DD4FBD2A5BAFC20007251D /* Preview Content */ = {
			isa = PBXGroup;
			children = (
				78DD4FBE2A5BAFC20007251D /* Preview Assets.xcassets */,
			);
			path = "Preview Content";
			sourceTree = "<group>";
		};
		78DD4FC52A5BB0140007251D /* Global */ = {
			isa = PBXGroup;
			children = (
				2FF0BA032A64EE8D005B11CD /* Utils */,
				78777F082A5E8E36008826DA /* Enum */,
				78DD4FC82A5BB0310007251D /* Extension */,
				78DD4FC72A5BB0240007251D /* Components */,
				78DD4FC62A5BB01F0007251D /* Modifier */,
			);
			path = Global;
			sourceTree = "<group>";
		};
		78DD4FC62A5BB01F0007251D /* Modifier */ = {
			isa = PBXGroup;
			children = (
				78BE77D82A5D69B80028A446 /* PretendardText.swift */,
				78BE77DE2A5D6DAA0028A446 /* PostNoBillsJaffnaText.swift */,
			);
			path = Modifier;
			sourceTree = "<group>";
		};
		78DD4FC72A5BB0240007251D /* Components */ = {
			isa = PBXGroup;
			children = (
				789D890B2A78FC8600A50B1E /* Style */,
				784CADAB2A6D082700B2CE6C /* Games */,
				78E7C9DF2A6BC2F500570F4C /* Home */,
				788C20D82A6A5A3000953579 /* Record */,
				7813FCA32A5EBB1A00B588DA /* MultiPreview.swift */,
				787AEDEA2A612046007FC5EB /* CustomBlurView.swift */,
				78C7EF912A678A6B00460E90 /* LottieView.swift */,
				2DA355DC2A7943E60037D9AF /* Shop */,
			);
			path = Components;
			sourceTree = "<group>";
		};
		78DD4FC82A5BB0310007251D /* Extension */ = {
			isa = PBXGroup;
			children = (
				78BE77DA2A5D6A160028A446 /* FontExtension.swift */,
				78BE77DC2A5D6AC20028A446 /* ViewExtension.swift */,
				E53CEA1D2A5E23E200BE59B9 /* ColorExtension.swift */,
				787AEDEE2A612231007FC5EB /* UIVisualEffectViewExtension.swift */,
				787AEDF02A612276007FC5EB /* UIViewExtension.swift */,
				787AEDF22A6123CB007FC5EB /* NSObjectExtension.swift */,
				78A99CEC2A66A89500474F00 /* AnyTransitionExtension.swift */,
			);
			path = Extension;
			sourceTree = "<group>";
		};
		78DD4FC92A5BB0370007251D /* Resources */ = {
			isa = PBXGroup;
			children = (
				78C7EF932A678ADE00460E90 /* Lottie */,
				2FF0B9DF2A64E236005B11CD /* Sound */,
				78DD4FCA2A5BB0430007251D /* Fonts */,
				78DD4FBB2A5BAFC20007251D /* Assets.xcassets */,
			);
			path = Resources;
			sourceTree = "<group>";
		};
		78DD4FCA2A5BB0430007251D /* Fonts */ = {
			isa = PBXGroup;
			children = (
				78D517C22A6BAC37005B4A6C /* Pretendard-ExtraLight.otf */,
				788C20DB2A6A5D1B00953579 /* Pretendard-Medium.otf */,
				78A972CE2A76014800A97AE4 /* PostNoBillsJaffna-ExtraBold.ttf */,
				78BE77CE2A5D69440028A446 /* PostNoBillsJaffna-Medium.ttf */,
				78BE77D02A5D69440028A446 /* Pretendard-Bold.otf */,
				78BE77CF2A5D69440028A446 /* Pretendard-Light.otf */,
				78BE77CC2A5D69440028A446 /* Pretendard-Regular.otf */,
				78BE77CD2A5D69440028A446 /* Pretendard-SemiBold.otf */,
			);
			path = Fonts;
			sourceTree = "<group>";
		};
		78DD4FCB2A5BB04A0007251D /* Model */ = {
			isa = PBXGroup;
			children = (
				600264312A6D989B0035A0E1 /* Trill_35_05_50.mlmodel */,
				600264352A6D9EDC0035A0E1 /* Voice_35_05_75.mlmodel */,
			);
			path = Model;
			sourceTree = "<group>";
		};
		78DD4FCC2A5BB04C0007251D /* View */ = {
			isa = PBXGroup;
			children = (
				6080598D2A5E723C007A716D /* Bubble */,
				78BE77C92A5D4E8B0028A446 /* Chagok */,
				600264222A6D064F0035A0E1 /* Banjjak */,
				E53CEA1B2A5D42EA00BE59B9 /* SplashView.swift */,
				E53CEA192A5D3E7000BE59B9 /* HomeView.swift */,
				788C20D52A6A4DCD00953579 /* RecordView.swift */,
				78A972D02A7609D800A97AE4 /* ShopView.swift */,
			);
			path = View;
			sourceTree = "<group>";
		};
		78E7C9DF2A6BC2F500570F4C /* Home */ = {
			isa = PBXGroup;
			children = (
				78E7C9E02A6BC30100570F4C /* TrophyView.swift */,
			);
			path = Home;
			sourceTree = "<group>";
		};
/* End PBXGroup section */

/* Begin PBXNativeTarget section */
		78DD4FB32A5BAFC10007251D /* MC3Team18 */ = {
			isa = PBXNativeTarget;
			buildConfigurationList = 78DD4FC22A5BAFC20007251D /* Build configuration list for PBXNativeTarget "MC3Team18" */;
			buildPhases = (
				78DD4FB02A5BAFC10007251D /* Sources */,
				78DD4FB12A5BAFC10007251D /* Frameworks */,
				78DD4FB22A5BAFC10007251D /* Resources */,
			);
			buildRules = (
			);
			dependencies = (
			);
			name = MC3Team18;
			packageProductDependencies = (
				2DA355DA2A78E0E80037D9AF /* Lottie */,
			);
			productName = MC3Team18;
			productReference = 78DD4FB42A5BAFC10007251D /* MC3Team18.app */;
			productType = "com.apple.product-type.application";
		};
/* End PBXNativeTarget section */

/* Begin PBXProject section */
		78DD4FAC2A5BAFC10007251D /* Project object */ = {
			isa = PBXProject;
			attributes = {
				BuildIndependentTargetsInParallel = 1;
				LastSwiftUpdateCheck = 1430;
				LastUpgradeCheck = 1430;
				TargetAttributes = {
					78DD4FB32A5BAFC10007251D = {
						CreatedOnToolsVersion = 14.3.1;
					};
				};
			};
			buildConfigurationList = 78DD4FAF2A5BAFC10007251D /* Build configuration list for PBXProject "MC3Team18" */;
			compatibilityVersion = "Xcode 14.0";
			developmentRegion = en;
			hasScannedForEncodings = 0;
			knownRegions = (
				en,
				Base,
			);
			mainGroup = 78DD4FAB2A5BAFC10007251D;
			packageReferences = (
				2DA355D92A78E0E80037D9AF /* XCRemoteSwiftPackageReference "lottie-ios" */,
			);
			productRefGroup = 78DD4FB52A5BAFC10007251D /* Products */;
			projectDirPath = "";
			projectRoot = "";
			targets = (
				78DD4FB32A5BAFC10007251D /* MC3Team18 */,
			);
		};
/* End PBXProject section */

/* Begin PBXResourcesBuildPhase section */
		78DD4FB22A5BAFC10007251D /* Resources */ = {
			isa = PBXResourcesBuildPhase;
			buildActionMask = 2147483647;
			files = (
				7896915A2A77471100E24BD0 /* lottieAnima_shiningBanjjak.json in Resources */,
				78DD4FBF2A5BAFC20007251D /* Preview Assets.xcassets in Resources */,
				78BE77D12A5D69440028A446 /* Pretendard-Regular.otf in Resources */,
				2FF0BA202A682789005B11CD /* chagokPungEffect.mp3 in Resources */,
				788C20DC2A6A5D1B00953579 /* Pretendard-Medium.otf in Resources */,
				78BE77D52A5D69440028A446 /* Pretendard-Bold.otf in Resources */,
				78DD4FBC2A5BAFC20007251D /* Assets.xcassets in Resources */,
				2FF0BA1D2A682789005B11CD /* bubbleBGM.mp3 in Resources */,
				2FF0BA212A682789005B11CD /* bubbleBlowEffect.mp3 in Resources */,
				78F38C912A6FB88400AFF4C1 /* lottieAnima_bubble.json in Resources */,
				2FF0BA1C2A682789005B11CD /* homescreenBGM.mp3 in Resources */,
				789691592A77471000E24BD0 /* lottieAnima_chagok.json in Resources */,
				2F1BF1902A6FB423004D9EBE /* banjjakBGM.mp3 in Resources */,
				78A972CF2A76014800A97AE4 /* PostNoBillsJaffna-ExtraBold.ttf in Resources */,
				2FF0BA1E2A682789005B11CD /* chagokBGM.mp3 in Resources */,
				2FF0BA1F2A682789005B11CD /* bubbleGameOverEffect.mp3 in Resources */,
				78BE77D32A5D69440028A446 /* PostNoBillsJaffna-Medium.ttf in Resources */,
				78BE77D22A5D69440028A446 /* Pretendard-SemiBold.otf in Resources */,
				78BE77D42A5D69440028A446 /* Pretendard-Light.otf in Resources */,
				78D517C32A6BAC37005B4A6C /* Pretendard-ExtraLight.otf in Resources */,
				784E50A42A67F76C00733796 /* CelebLottieAnima.json in Resources */,
			);
			runOnlyForDeploymentPostprocessing = 0;
		};
/* End PBXResourcesBuildPhase section */

/* Begin PBXSourcesBuildPhase section */
		78DD4FB02A5BAFC10007251D /* Sources */ = {
			isa = PBXSourcesBuildPhase;
			buildActionMask = 2147483647;
			files = (
				6080599B2A5FF5C6007A716D /* BubbleWaitingView.swift in Sources */,
				2FF0BA232A682A49005B11CD /* SoundEffectPlayer.swift in Sources */,
				60CC5C532A6F6A95004E33BF /* BanjjakAudioStreamObserver.swift in Sources */,
				600264282A6D163E0035A0E1 /* BanjjakTutorialView.swift in Sources */,
				7872CA6B2A5CFB9400FC8444 /* ChagokTutorialView.swift in Sources */,
				6002642A2A6D1C2B0035A0E1 /* BanjjakStatus.swift in Sources */,
				78777F0E2A5E9630008826DA /* ChagokPauseView.swift in Sources */,
				78BE77DF2A5D6DAA0028A446 /* PostNoBillsJaffnaText.swift in Sources */,
				7872CA6D2A5CFBA200FC8444 /* ChagokGameOverView.swift in Sources */,
				788C20D62A6A4DCD00953579 /* RecordView.swift in Sources */,
				784A209D2A5E8C9B0091B59F /* GameSelection.swift in Sources */,
				600264242A6D0C800035A0E1 /* BanjjakPauseView.swift in Sources */,
				2F2CE2322A5E52E1009043BD /* ChagokARViewContainer.swift in Sources */,
				787AEDEB2A612046007FC5EB /* CustomBlurView.swift in Sources */,
				600264362A6D9EDC0035A0E1 /* Voice_35_05_75.mlmodel in Sources */,
				600264262A6D0FCD0035A0E1 /* BanjjakGameOverView.swift in Sources */,
				600264322A6D989B0035A0E1 /* Trill_35_05_50.mlmodel in Sources */,
				788E4C7C2A6CF8EF00DAE596 /* RecordDailyShareView.swift in Sources */,
				2DA355E42A79C2830037D9AF /* ShopItemPurchaseView.swift in Sources */,
				2F2CE2302A5E52C3009043BD /* ChagokSKScene.swift in Sources */,
				2FF0BA252A682D98005B11CD /* SoundNames.swift in Sources */,
				784CADAD2A6D085300B2CE6C /* BestScoreShareView.swift in Sources */,
				78C7EF922A678A6B00460E90 /* LottieView.swift in Sources */,
				608059892A5E71DC007A716D /* BubbleTutorialView.swift in Sources */,
				E53CEA1E2A5E23E200BE59B9 /* ColorExtension.swift in Sources */,
				2DA355E22A79B70A0037D9AF /* ShopItemData.swift in Sources */,
				789D890A2A78FAFE00A50B1E /* TouchedButton.swift in Sources */,
				6080598B2A5E71DC007A716D /* BubbleStatusView.swift in Sources */,
				7872CA692A5CFB8C00FC8444 /* ChagokGameView.swift in Sources */,
				6080598A2A5E71DC007A716D /* BubbleGameOverView.swift in Sources */,
				2FF0BA072A66372A005B11CD /* HapticManager.swift in Sources */,
				78E7C9E12A6BC30100570F4C /* TrophyView.swift in Sources */,
				608059A42A62B352007A716D /* AudioStreamManager.swift in Sources */,
				787AEDF12A612276007FC5EB /* UIViewExtension.swift in Sources */,
				788C20E02A6A6D0C00953579 /* RecordBestScoresView.swift in Sources */,
				78BE77DD2A5D6AC20028A446 /* ViewExtension.swift in Sources */,
				787AEDF32A6123CB007FC5EB /* NSObjectExtension.swift in Sources */,
				788C20DA2A6A5B5C00953579 /* RecordHexgagonView.swift in Sources */,
				78777F0C2A5E9594008826DA /* ChagokStatus.swift in Sources */,
				78A972D12A7609D800A97AE4 /* ShopView.swift in Sources */,
				789D89132A791DDD00A50B1E /* GameButtonLabel.swift in Sources */,
				787AEDEF2A612231007FC5EB /* UIVisualEffectViewExtension.swift in Sources */,
				2DA355DE2A7944380037D9AF /* ShopHeaderView.swift in Sources */,
				2DA355E02A7947A60037D9AF /* ShopAccessoriesScrollView.swift in Sources */,
				608059952A5FF0EA007A716D /* BubbleStatus.swift in Sources */,
				789D89152A79223F00A50B1E /* PauseButtonStyle.swift in Sources */,
				7813FCA42A5EBB1A00B588DA /* MultiPreview.swift in Sources */,
				78A99CED2A66A89500474F00 /* AnyTransitionExtension.swift in Sources */,
				E53CEA1A2A5D3E7000BE59B9 /* HomeView.swift in Sources */,
				2F38EA9B2A6E3DC700889C4B /* BanjjakSKScene.swift in Sources */,
				78BE77D92A5D69B80028A446 /* PretendardText.swift in Sources */,
				2FF0BA052A64EEA8005B11CD /* MusicPlayer.swift in Sources */,
				600264212A6D06460035A0E1 /* BanjjakGameView.swift in Sources */,
				788E4C7E2A6CFB2000DAE596 /* TransferableUIImage.swift in Sources */,
				E53CEA1C2A5D42EA00BE59B9 /* SplashView.swift in Sources */,
				6080599D2A60272E007A716D /* BubbleGameView.swift in Sources */,
				60CC5C512A6F6A5F004E33BF /* BanjjakAudioStreamManager.swift in Sources */,
				78BE77DB2A5D6A160028A446 /* FontExtension.swift in Sources */,
				789D890D2A78FC9C00A50B1E /* GameOverButtonStyle.swift in Sources */,
				608059A22A62B33D007A716D /* AudioStreamObserver.swift in Sources */,
				78DD4FB82A5BAFC10007251D /* MC3Team18App.swift in Sources */,
			);
			runOnlyForDeploymentPostprocessing = 0;
		};
/* End PBXSourcesBuildPhase section */

/* Begin XCBuildConfiguration section */
		78DD4FC02A5BAFC20007251D /* Debug */ = {
			isa = XCBuildConfiguration;
			buildSettings = {
				ALWAYS_SEARCH_USER_PATHS = NO;
				CLANG_ANALYZER_NONNULL = YES;
				CLANG_ANALYZER_NUMBER_OBJECT_CONVERSION = YES_AGGRESSIVE;
				CLANG_CXX_LANGUAGE_STANDARD = "gnu++20";
				CLANG_ENABLE_MODULES = YES;
				CLANG_ENABLE_OBJC_ARC = YES;
				CLANG_ENABLE_OBJC_WEAK = YES;
				CLANG_WARN_BLOCK_CAPTURE_AUTORELEASING = YES;
				CLANG_WARN_BOOL_CONVERSION = YES;
				CLANG_WARN_COMMA = YES;
				CLANG_WARN_CONSTANT_CONVERSION = YES;
				CLANG_WARN_DEPRECATED_OBJC_IMPLEMENTATIONS = YES;
				CLANG_WARN_DIRECT_OBJC_ISA_USAGE = YES_ERROR;
				CLANG_WARN_DOCUMENTATION_COMMENTS = YES;
				CLANG_WARN_EMPTY_BODY = YES;
				CLANG_WARN_ENUM_CONVERSION = YES;
				CLANG_WARN_INFINITE_RECURSION = YES;
				CLANG_WARN_INT_CONVERSION = YES;
				CLANG_WARN_NON_LITERAL_NULL_CONVERSION = YES;
				CLANG_WARN_OBJC_IMPLICIT_RETAIN_SELF = YES;
				CLANG_WARN_OBJC_LITERAL_CONVERSION = YES;
				CLANG_WARN_OBJC_ROOT_CLASS = YES_ERROR;
				CLANG_WARN_QUOTED_INCLUDE_IN_FRAMEWORK_HEADER = YES;
				CLANG_WARN_RANGE_LOOP_ANALYSIS = YES;
				CLANG_WARN_STRICT_PROTOTYPES = YES;
				CLANG_WARN_SUSPICIOUS_MOVE = YES;
				CLANG_WARN_UNGUARDED_AVAILABILITY = YES_AGGRESSIVE;
				CLANG_WARN_UNREACHABLE_CODE = YES;
				CLANG_WARN__DUPLICATE_METHOD_MATCH = YES;
				COPY_PHASE_STRIP = NO;
				DEBUG_INFORMATION_FORMAT = dwarf;
				ENABLE_STRICT_OBJC_MSGSEND = YES;
				ENABLE_TESTABILITY = YES;
				GCC_C_LANGUAGE_STANDARD = gnu11;
				GCC_DYNAMIC_NO_PIC = NO;
				GCC_NO_COMMON_BLOCKS = YES;
				GCC_OPTIMIZATION_LEVEL = 0;
				GCC_PREPROCESSOR_DEFINITIONS = (
					"DEBUG=1",
					"$(inherited)",
				);
				GCC_WARN_64_TO_32_BIT_CONVERSION = YES;
				GCC_WARN_ABOUT_RETURN_TYPE = YES_ERROR;
				GCC_WARN_UNDECLARED_SELECTOR = YES;
				GCC_WARN_UNINITIALIZED_AUTOS = YES_AGGRESSIVE;
				GCC_WARN_UNUSED_FUNCTION = YES;
				GCC_WARN_UNUSED_VARIABLE = YES;
				IPHONEOS_DEPLOYMENT_TARGET = 16.4;
				MTL_ENABLE_DEBUG_INFO = INCLUDE_SOURCE;
				MTL_FAST_MATH = YES;
				ONLY_ACTIVE_ARCH = YES;
				SDKROOT = iphoneos;
				SWIFT_ACTIVE_COMPILATION_CONDITIONS = DEBUG;
				SWIFT_OPTIMIZATION_LEVEL = "-Onone";
			};
			name = Debug;
		};
		78DD4FC12A5BAFC20007251D /* Release */ = {
			isa = XCBuildConfiguration;
			buildSettings = {
				ALWAYS_SEARCH_USER_PATHS = NO;
				CLANG_ANALYZER_NONNULL = YES;
				CLANG_ANALYZER_NUMBER_OBJECT_CONVERSION = YES_AGGRESSIVE;
				CLANG_CXX_LANGUAGE_STANDARD = "gnu++20";
				CLANG_ENABLE_MODULES = YES;
				CLANG_ENABLE_OBJC_ARC = YES;
				CLANG_ENABLE_OBJC_WEAK = YES;
				CLANG_WARN_BLOCK_CAPTURE_AUTORELEASING = YES;
				CLANG_WARN_BOOL_CONVERSION = YES;
				CLANG_WARN_COMMA = YES;
				CLANG_WARN_CONSTANT_CONVERSION = YES;
				CLANG_WARN_DEPRECATED_OBJC_IMPLEMENTATIONS = YES;
				CLANG_WARN_DIRECT_OBJC_ISA_USAGE = YES_ERROR;
				CLANG_WARN_DOCUMENTATION_COMMENTS = YES;
				CLANG_WARN_EMPTY_BODY = YES;
				CLANG_WARN_ENUM_CONVERSION = YES;
				CLANG_WARN_INFINITE_RECURSION = YES;
				CLANG_WARN_INT_CONVERSION = YES;
				CLANG_WARN_NON_LITERAL_NULL_CONVERSION = YES;
				CLANG_WARN_OBJC_IMPLICIT_RETAIN_SELF = YES;
				CLANG_WARN_OBJC_LITERAL_CONVERSION = YES;
				CLANG_WARN_OBJC_ROOT_CLASS = YES_ERROR;
				CLANG_WARN_QUOTED_INCLUDE_IN_FRAMEWORK_HEADER = YES;
				CLANG_WARN_RANGE_LOOP_ANALYSIS = YES;
				CLANG_WARN_STRICT_PROTOTYPES = YES;
				CLANG_WARN_SUSPICIOUS_MOVE = YES;
				CLANG_WARN_UNGUARDED_AVAILABILITY = YES_AGGRESSIVE;
				CLANG_WARN_UNREACHABLE_CODE = YES;
				CLANG_WARN__DUPLICATE_METHOD_MATCH = YES;
				COPY_PHASE_STRIP = NO;
				DEBUG_INFORMATION_FORMAT = "dwarf-with-dsym";
				ENABLE_NS_ASSERTIONS = NO;
				ENABLE_STRICT_OBJC_MSGSEND = YES;
				GCC_C_LANGUAGE_STANDARD = gnu11;
				GCC_NO_COMMON_BLOCKS = YES;
				GCC_WARN_64_TO_32_BIT_CONVERSION = YES;
				GCC_WARN_ABOUT_RETURN_TYPE = YES_ERROR;
				GCC_WARN_UNDECLARED_SELECTOR = YES;
				GCC_WARN_UNINITIALIZED_AUTOS = YES_AGGRESSIVE;
				GCC_WARN_UNUSED_FUNCTION = YES;
				GCC_WARN_UNUSED_VARIABLE = YES;
				IPHONEOS_DEPLOYMENT_TARGET = 16.4;
				MTL_ENABLE_DEBUG_INFO = NO;
				MTL_FAST_MATH = YES;
				SDKROOT = iphoneos;
				SWIFT_COMPILATION_MODE = wholemodule;
				SWIFT_OPTIMIZATION_LEVEL = "-O";
				VALIDATE_PRODUCT = YES;
			};
			name = Release;
		};
		78DD4FC32A5BAFC20007251D /* Debug */ = {
			isa = XCBuildConfiguration;
			buildSettings = {
				ASSETCATALOG_COMPILER_APPICON_NAME = AppIcon;
				ASSETCATALOG_COMPILER_GLOBAL_ACCENT_COLOR_NAME = AccentColor;
				CODE_SIGN_STYLE = Automatic;
				CURRENT_PROJECT_VERSION = 1;
				DEVELOPMENT_ASSET_PATHS = "\"MC3Team18/Preview Content\"";
				DEVELOPMENT_TEAM = UG6UT639QH;
				ENABLE_PREVIEWS = YES;
				GENERATE_INFOPLIST_FILE = YES;
				INFOPLIST_KEY_CFBundleDisplayName = SounDrill;
				INFOPLIST_KEY_NSCameraUsageDescription = "”SounDrill”이 얼굴 추적을 통한 게임 진행을 위해 카메라에 접근하도록 허용해주세요.";
				INFOPLIST_KEY_NSMicrophoneUsageDescription = "”SounDrill”이 음성 인식을 통한 게임 진행을 위해 마이크에 접근하도록 허용해주세요.";
				INFOPLIST_KEY_UIApplicationSceneManifest_Generation = YES;
				INFOPLIST_KEY_UIApplicationSupportsIndirectInputEvents = YES;
				INFOPLIST_KEY_UILaunchScreen_Generation = YES;
				INFOPLIST_KEY_UIStatusBarHidden = YES;
				INFOPLIST_KEY_UISupportedInterfaceOrientations = UIInterfaceOrientationPortrait;
				INFOPLIST_KEY_UISupportedInterfaceOrientations_iPad = "UIInterfaceOrientationLandscapeLeft UIInterfaceOrientationLandscapeRight UIInterfaceOrientationPortrait UIInterfaceOrientationPortraitUpsideDown";
				LD_RUNPATH_SEARCH_PATHS = (
					"$(inherited)",
					"@executable_path/Frameworks",
				);
				MARKETING_VERSION = 1.0;
				PRODUCT_BUNDLE_IDENTIFIER = com.EwookIDLE.MC3Team180;
				PRODUCT_NAME = "$(TARGET_NAME)";
				SUPPORTED_PLATFORMS = "iphoneos iphonesimulator";
				SUPPORTS_MACCATALYST = NO;
				SUPPORTS_MAC_DESIGNED_FOR_IPHONE_IPAD = NO;
				SWIFT_EMIT_LOC_STRINGS = YES;
				SWIFT_VERSION = 5.0;
				TARGETED_DEVICE_FAMILY = 1;
			};
			name = Debug;
		};
		78DD4FC42A5BAFC20007251D /* Release */ = {
			isa = XCBuildConfiguration;
			buildSettings = {
				ASSETCATALOG_COMPILER_APPICON_NAME = AppIcon;
				ASSETCATALOG_COMPILER_GLOBAL_ACCENT_COLOR_NAME = AccentColor;
				CODE_SIGN_STYLE = Manual;
				CURRENT_PROJECT_VERSION = 1;
				DEVELOPMENT_ASSET_PATHS = "\"MC3Team18/Preview Content\"";
				DEVELOPMENT_TEAM = K4QNQ98D35;
				ENABLE_PREVIEWS = YES;
				GENERATE_INFOPLIST_FILE = YES;
				INFOPLIST_KEY_CFBundleDisplayName = SounDrill;
				INFOPLIST_KEY_NSCameraUsageDescription = "”SounDrill”이 얼굴 추적을 통한 게임 진행을 위해 카메라에 접근하도록 허용해주세요.";
				INFOPLIST_KEY_NSMicrophoneUsageDescription = "”SounDrill”이 음성 인식을 통한 게임 진행을 위해 마이크에 접근하도록 허용해주세요.";
				INFOPLIST_KEY_UIApplicationSceneManifest_Generation = YES;
				INFOPLIST_KEY_UIApplicationSupportsIndirectInputEvents = YES;
				INFOPLIST_KEY_UILaunchScreen_Generation = YES;
				INFOPLIST_KEY_UIStatusBarHidden = YES;
				INFOPLIST_KEY_UISupportedInterfaceOrientations = UIInterfaceOrientationPortrait;
				INFOPLIST_KEY_UISupportedInterfaceOrientations_iPad = "UIInterfaceOrientationLandscapeLeft UIInterfaceOrientationLandscapeRight UIInterfaceOrientationPortrait UIInterfaceOrientationPortraitUpsideDown";
				LD_RUNPATH_SEARCH_PATHS = (
					"$(inherited)",
					"@executable_path/Frameworks",
				);
				MARKETING_VERSION = 1.0;
				PRODUCT_BUNDLE_IDENTIFIER = com.EwookIDLE.MC3Team180;
				PRODUCT_NAME = "$(TARGET_NAME)";
				PROVISIONING_PROFILE_SPECIFIER = "";
				SUPPORTED_PLATFORMS = "iphoneos iphonesimulator";
				SUPPORTS_MACCATALYST = NO;
				SUPPORTS_MAC_DESIGNED_FOR_IPHONE_IPAD = NO;
				SWIFT_EMIT_LOC_STRINGS = YES;
				SWIFT_VERSION = 5.0;
				TARGETED_DEVICE_FAMILY = 1;
			};
			name = Release;
		};
/* End XCBuildConfiguration section */

/* Begin XCConfigurationList section */
		78DD4FAF2A5BAFC10007251D /* Build configuration list for PBXProject "MC3Team18" */ = {
			isa = XCConfigurationList;
			buildConfigurations = (
				78DD4FC02A5BAFC20007251D /* Debug */,
				78DD4FC12A5BAFC20007251D /* Release */,
			);
			defaultConfigurationIsVisible = 0;
			defaultConfigurationName = Release;
		};
		78DD4FC22A5BAFC20007251D /* Build configuration list for PBXNativeTarget "MC3Team18" */ = {
			isa = XCConfigurationList;
			buildConfigurations = (
				78DD4FC32A5BAFC20007251D /* Debug */,
				78DD4FC42A5BAFC20007251D /* Release */,
			);
			defaultConfigurationIsVisible = 0;
			defaultConfigurationName = Release;
		};
/* End XCConfigurationList section */

/* Begin XCRemoteSwiftPackageReference section */
		2DA355D92A78E0E80037D9AF /* XCRemoteSwiftPackageReference "lottie-ios" */ = {
			isa = XCRemoteSwiftPackageReference;
			repositoryURL = "https://github.com/airbnb/lottie-ios.git";
			requirement = {
				kind = upToNextMajorVersion;
				minimumVersion = 4.0.0;
			};
		};
/* End XCRemoteSwiftPackageReference section */

/* Begin XCSwiftPackageProductDependency section */
		2DA355DA2A78E0E80037D9AF /* Lottie */ = {
			isa = XCSwiftPackageProductDependency;
			package = 2DA355D92A78E0E80037D9AF /* XCRemoteSwiftPackageReference "lottie-ios" */;
			productName = Lottie;
		};
/* End XCSwiftPackageProductDependency section */
	};
	rootObject = 78DD4FAC2A5BAFC10007251D /* Project object */;
}
