// !$*UTF8*$!
{
	archiveVersion = 1;
	classes = {
	};
	objectVersion = 56;
	objects = {

/* Begin PBXBuildFile section */
		2F2CE2302A5E52C3009043BD /* ChagokSKScene.swift in Sources */ = {isa = PBXBuildFile; fileRef = 2F2CE22F2A5E52C3009043BD /* ChagokSKScene.swift */; };
		2F2CE2322A5E52E1009043BD /* ChagokARViewContainer.swift in Sources */ = {isa = PBXBuildFile; fileRef = 2F2CE2312A5E52E1009043BD /* ChagokARViewContainer.swift */; };
		608059892A5E71DC007A716D /* BubbleGumTutorialView.swift in Sources */ = {isa = PBXBuildFile; fileRef = 608059852A5E71DC007A716D /* BubbleGumTutorialView.swift */; };
		6080598A2A5E71DC007A716D /* BubbleGumGameOverView.swift in Sources */ = {isa = PBXBuildFile; fileRef = 608059862A5E71DC007A716D /* BubbleGumGameOverView.swift */; };
		6080598B2A5E71DC007A716D /* BubbleGumStatusView.swift in Sources */ = {isa = PBXBuildFile; fileRef = 608059872A5E71DC007A716D /* BubbleGumStatusView.swift */; };
		608059952A5FF0EA007A716D /* BubbleGumStatus.swift in Sources */ = {isa = PBXBuildFile; fileRef = 608059942A5FF0EA007A716D /* BubbleGumStatus.swift */; };
		6080599B2A5FF5C6007A716D /* BubbleGumWaitingView.swift in Sources */ = {isa = PBXBuildFile; fileRef = 6080599A2A5FF5C6007A716D /* BubbleGumWaitingView.swift */; };
		6080599D2A60272E007A716D /* BubbleGumGameView.swift in Sources */ = {isa = PBXBuildFile; fileRef = 6080599C2A60272E007A716D /* BubbleGumGameView.swift */; };
		7813FCA42A5EBB1A00B588DA /* MultiPreview.swift in Sources */ = {isa = PBXBuildFile; fileRef = 7813FCA32A5EBB1A00B588DA /* MultiPreview.swift */; };
		784A209D2A5E8C9B0091B59F /* GameSelection.swift in Sources */ = {isa = PBXBuildFile; fileRef = 784A209C2A5E8C9B0091B59F /* GameSelection.swift */; };
		7872CA692A5CFB8C00FC8444 /* ChagokGameView.swift in Sources */ = {isa = PBXBuildFile; fileRef = 7872CA682A5CFB8C00FC8444 /* ChagokGameView.swift */; };
		7872CA6B2A5CFB9400FC8444 /* ChagokTutorialView.swift in Sources */ = {isa = PBXBuildFile; fileRef = 7872CA6A2A5CFB9400FC8444 /* ChagokTutorialView.swift */; };
		7872CA6D2A5CFBA200FC8444 /* ChagokGameOverView.swift in Sources */ = {isa = PBXBuildFile; fileRef = 7872CA6C2A5CFBA200FC8444 /* ChagokGameOverView.swift */; };
		78777F0C2A5E9594008826DA /* ChagokStatus.swift in Sources */ = {isa = PBXBuildFile; fileRef = 78777F0B2A5E9594008826DA /* ChagokStatus.swift */; };
		78777F0E2A5E9630008826DA /* ChagokPauseView.swift in Sources */ = {isa = PBXBuildFile; fileRef = 78777F0D2A5E9630008826DA /* ChagokPauseView.swift */; };
		78BE77C82A5D4E850028A446 /* Sample.swift in Sources */ = {isa = PBXBuildFile; fileRef = 78BE77C72A5D4E850028A446 /* Sample.swift */; };
		78BE77D12A5D69440028A446 /* Pretendard-Regular.otf in Resources */ = {isa = PBXBuildFile; fileRef = 78BE77CC2A5D69440028A446 /* Pretendard-Regular.otf */; };
		78BE77D22A5D69440028A446 /* Pretendard-SemiBold.otf in Resources */ = {isa = PBXBuildFile; fileRef = 78BE77CD2A5D69440028A446 /* Pretendard-SemiBold.otf */; };
		78BE77D32A5D69440028A446 /* PostNoBillsJaffna-Medium.ttf in Resources */ = {isa = PBXBuildFile; fileRef = 78BE77CE2A5D69440028A446 /* PostNoBillsJaffna-Medium.ttf */; };
		78BE77D42A5D69440028A446 /* Pretendard-Light.otf in Resources */ = {isa = PBXBuildFile; fileRef = 78BE77CF2A5D69440028A446 /* Pretendard-Light.otf */; };
		78BE77D52A5D69440028A446 /* Pretendard-Bold.otf in Resources */ = {isa = PBXBuildFile; fileRef = 78BE77D02A5D69440028A446 /* Pretendard-Bold.otf */; };
		78BE77D92A5D69B80028A446 /* PretendardText.swift in Sources */ = {isa = PBXBuildFile; fileRef = 78BE77D82A5D69B80028A446 /* PretendardText.swift */; };
		78BE77DB2A5D6A160028A446 /* FontExtension.swift in Sources */ = {isa = PBXBuildFile; fileRef = 78BE77DA2A5D6A160028A446 /* FontExtension.swift */; };
		78BE77DD2A5D6AC20028A446 /* ViewExtension.swift in Sources */ = {isa = PBXBuildFile; fileRef = 78BE77DC2A5D6AC20028A446 /* ViewExtension.swift */; };
		78BE77DF2A5D6DAA0028A446 /* PostNoBillsJaffnaText.swift in Sources */ = {isa = PBXBuildFile; fileRef = 78BE77DE2A5D6DAA0028A446 /* PostNoBillsJaffnaText.swift */; };
		78DD4FB82A5BAFC10007251D /* MC3Team18App.swift in Sources */ = {isa = PBXBuildFile; fileRef = 78DD4FB72A5BAFC10007251D /* MC3Team18App.swift */; };
		78DD4FBC2A5BAFC20007251D /* Assets.xcassets in Resources */ = {isa = PBXBuildFile; fileRef = 78DD4FBB2A5BAFC20007251D /* Assets.xcassets */; };
		78DD4FBF2A5BAFC20007251D /* Preview Assets.xcassets in Resources */ = {isa = PBXBuildFile; fileRef = 78DD4FBE2A5BAFC20007251D /* Preview Assets.xcassets */; };
		E53CEA1A2A5D3E7000BE59B9 /* HomeView.swift in Sources */ = {isa = PBXBuildFile; fileRef = E53CEA192A5D3E7000BE59B9 /* HomeView.swift */; };
		E53CEA1C2A5D42EA00BE59B9 /* SplashView.swift in Sources */ = {isa = PBXBuildFile; fileRef = E53CEA1B2A5D42EA00BE59B9 /* SplashView.swift */; };
		E53CEA1E2A5E23E200BE59B9 /* ColorExtension.swift in Sources */ = {isa = PBXBuildFile; fileRef = E53CEA1D2A5E23E200BE59B9 /* ColorExtension.swift */; };
/* End PBXBuildFile section */

/* Begin PBXFileReference section */
		2F2CE22F2A5E52C3009043BD /* ChagokSKScene.swift */ = {isa = PBXFileReference; lastKnownFileType = sourcecode.swift; path = ChagokSKScene.swift; sourceTree = "<group>"; };
		2F2CE2312A5E52E1009043BD /* ChagokARViewContainer.swift */ = {isa = PBXFileReference; lastKnownFileType = sourcecode.swift; path = ChagokARViewContainer.swift; sourceTree = "<group>"; };
		608059852A5E71DC007A716D /* BubbleGumTutorialView.swift */ = {isa = PBXFileReference; fileEncoding = 4; lastKnownFileType = sourcecode.swift; path = BubbleGumTutorialView.swift; sourceTree = "<group>"; };
		608059862A5E71DC007A716D /* BubbleGumGameOverView.swift */ = {isa = PBXFileReference; fileEncoding = 4; lastKnownFileType = sourcecode.swift; path = BubbleGumGameOverView.swift; sourceTree = "<group>"; };
		608059872A5E71DC007A716D /* BubbleGumStatusView.swift */ = {isa = PBXFileReference; fileEncoding = 4; lastKnownFileType = sourcecode.swift; path = BubbleGumStatusView.swift; sourceTree = "<group>"; };
		608059942A5FF0EA007A716D /* BubbleGumStatus.swift */ = {isa = PBXFileReference; lastKnownFileType = sourcecode.swift; path = BubbleGumStatus.swift; sourceTree = "<group>"; };
		6080599A2A5FF5C6007A716D /* BubbleGumWaitingView.swift */ = {isa = PBXFileReference; lastKnownFileType = sourcecode.swift; path = BubbleGumWaitingView.swift; sourceTree = "<group>"; };
		6080599C2A60272E007A716D /* BubbleGumGameView.swift */ = {isa = PBXFileReference; lastKnownFileType = sourcecode.swift; path = BubbleGumGameView.swift; sourceTree = "<group>"; };
		7813FCA32A5EBB1A00B588DA /* MultiPreview.swift */ = {isa = PBXFileReference; lastKnownFileType = sourcecode.swift; path = MultiPreview.swift; sourceTree = "<group>"; };
		784A209C2A5E8C9B0091B59F /* GameSelection.swift */ = {isa = PBXFileReference; lastKnownFileType = sourcecode.swift; path = GameSelection.swift; sourceTree = "<group>"; };
		7872CA682A5CFB8C00FC8444 /* ChagokGameView.swift */ = {isa = PBXFileReference; lastKnownFileType = sourcecode.swift; path = ChagokGameView.swift; sourceTree = "<group>"; };
		7872CA6A2A5CFB9400FC8444 /* ChagokTutorialView.swift */ = {isa = PBXFileReference; lastKnownFileType = sourcecode.swift; path = ChagokTutorialView.swift; sourceTree = "<group>"; };
		7872CA6C2A5CFBA200FC8444 /* ChagokGameOverView.swift */ = {isa = PBXFileReference; lastKnownFileType = sourcecode.swift; path = ChagokGameOverView.swift; sourceTree = "<group>"; };
		78777F0B2A5E9594008826DA /* ChagokStatus.swift */ = {isa = PBXFileReference; lastKnownFileType = sourcecode.swift; path = ChagokStatus.swift; sourceTree = "<group>"; };
		78777F0D2A5E9630008826DA /* ChagokPauseView.swift */ = {isa = PBXFileReference; lastKnownFileType = sourcecode.swift; path = ChagokPauseView.swift; sourceTree = "<group>"; };
		78BE77C72A5D4E850028A446 /* Sample.swift */ = {isa = PBXFileReference; lastKnownFileType = sourcecode.swift; path = Sample.swift; sourceTree = "<group>"; };
		78BE77CC2A5D69440028A446 /* Pretendard-Regular.otf */ = {isa = PBXFileReference; lastKnownFileType = file; path = "Pretendard-Regular.otf"; sourceTree = "<group>"; };
		78BE77CD2A5D69440028A446 /* Pretendard-SemiBold.otf */ = {isa = PBXFileReference; lastKnownFileType = file; path = "Pretendard-SemiBold.otf"; sourceTree = "<group>"; };
		78BE77CE2A5D69440028A446 /* PostNoBillsJaffna-Medium.ttf */ = {isa = PBXFileReference; lastKnownFileType = file; path = "PostNoBillsJaffna-Medium.ttf"; sourceTree = "<group>"; };
		78BE77CF2A5D69440028A446 /* Pretendard-Light.otf */ = {isa = PBXFileReference; lastKnownFileType = file; path = "Pretendard-Light.otf"; sourceTree = "<group>"; };
		78BE77D02A5D69440028A446 /* Pretendard-Bold.otf */ = {isa = PBXFileReference; lastKnownFileType = file; path = "Pretendard-Bold.otf"; sourceTree = "<group>"; };
		78BE77D82A5D69B80028A446 /* PretendardText.swift */ = {isa = PBXFileReference; lastKnownFileType = sourcecode.swift; path = PretendardText.swift; sourceTree = "<group>"; };
		78BE77DA2A5D6A160028A446 /* FontExtension.swift */ = {isa = PBXFileReference; lastKnownFileType = sourcecode.swift; path = FontExtension.swift; sourceTree = "<group>"; };
		78BE77DC2A5D6AC20028A446 /* ViewExtension.swift */ = {isa = PBXFileReference; lastKnownFileType = sourcecode.swift; path = ViewExtension.swift; sourceTree = "<group>"; };
		78BE77DE2A5D6DAA0028A446 /* PostNoBillsJaffnaText.swift */ = {isa = PBXFileReference; lastKnownFileType = sourcecode.swift; path = PostNoBillsJaffnaText.swift; sourceTree = "<group>"; };
		78DD4FB42A5BAFC10007251D /* MC3Team18.app */ = {isa = PBXFileReference; explicitFileType = wrapper.application; includeInIndex = 0; path = MC3Team18.app; sourceTree = BUILT_PRODUCTS_DIR; };
		78DD4FB72A5BAFC10007251D /* MC3Team18App.swift */ = {isa = PBXFileReference; lastKnownFileType = sourcecode.swift; path = MC3Team18App.swift; sourceTree = "<group>"; };
		78DD4FBB2A5BAFC20007251D /* Assets.xcassets */ = {isa = PBXFileReference; lastKnownFileType = folder.assetcatalog; path = Assets.xcassets; sourceTree = "<group>"; };
		78DD4FBE2A5BAFC20007251D /* Preview Assets.xcassets */ = {isa = PBXFileReference; lastKnownFileType = folder.assetcatalog; path = "Preview Assets.xcassets"; sourceTree = "<group>"; };
		E53CEA192A5D3E7000BE59B9 /* HomeView.swift */ = {isa = PBXFileReference; lastKnownFileType = sourcecode.swift; path = HomeView.swift; sourceTree = "<group>"; };
		E53CEA1B2A5D42EA00BE59B9 /* SplashView.swift */ = {isa = PBXFileReference; lastKnownFileType = sourcecode.swift; path = SplashView.swift; sourceTree = "<group>"; };
		E53CEA1D2A5E23E200BE59B9 /* ColorExtension.swift */ = {isa = PBXFileReference; lastKnownFileType = sourcecode.swift; path = ColorExtension.swift; sourceTree = "<group>"; };
/* End PBXFileReference section */

/* Begin PBXFrameworksBuildPhase section */
		78DD4FB12A5BAFC10007251D /* Frameworks */ = {
			isa = PBXFrameworksBuildPhase;
			buildActionMask = 2147483647;
			files = (
			);
			runOnlyForDeploymentPostprocessing = 0;
		};
/* End PBXFrameworksBuildPhase section */

/* Begin PBXGroup section */
		6080598D2A5E723C007A716D /* BubbleGum */ = {
			isa = PBXGroup;
			children = (
				608059872A5E71DC007A716D /* BubbleGumStatusView.swift */,
				608059852A5E71DC007A716D /* BubbleGumTutorialView.swift */,
				6080599A2A5FF5C6007A716D /* BubbleGumWaitingView.swift */,
				6080599C2A60272E007A716D /* BubbleGumGameView.swift */,
				608059862A5E71DC007A716D /* BubbleGumGameOverView.swift */,
			);
			path = BubbleGum;
			sourceTree = "<group>";
		};
		78777F082A5E8E36008826DA /* Enum */ = {
			isa = PBXGroup;
			children = (
				784A209C2A5E8C9B0091B59F /* GameSelection.swift */,
				78777F0B2A5E9594008826DA /* ChagokStatus.swift */,
				608059942A5FF0EA007A716D /* BubbleGumStatus.swift */,
			);
			path = Enum;
			sourceTree = "<group>";
		};
		78BE77C92A5D4E8B0028A446 /* Chagok */ = {
			isa = PBXGroup;
			children = (
				7872CA682A5CFB8C00FC8444 /* ChagokGameView.swift */,
				7872CA6A2A5CFB9400FC8444 /* ChagokTutorialView.swift */,
				7872CA6C2A5CFBA200FC8444 /* ChagokGameOverView.swift */,
				2F2CE22F2A5E52C3009043BD /* ChagokSKScene.swift */,
				2F2CE2312A5E52E1009043BD /* ChagokARViewContainer.swift */,
				78777F0D2A5E9630008826DA /* ChagokPauseView.swift */,
			);
			path = Chagok;
			sourceTree = "<group>";
		};
		78DD4FAB2A5BAFC10007251D = {
			isa = PBXGroup;
			children = (
				78DD4FB62A5BAFC10007251D /* MC3Team18 */,
				78DD4FB52A5BAFC10007251D /* Products */,
			);
			sourceTree = "<group>";
		};
		78DD4FB52A5BAFC10007251D /* Products */ = {
			isa = PBXGroup;
			children = (
				78DD4FB42A5BAFC10007251D /* MC3Team18.app */,
			);
			name = Products;
			sourceTree = "<group>";
		};
		78DD4FB62A5BAFC10007251D /* MC3Team18 */ = {
			isa = PBXGroup;
			children = (
				78DD4FB72A5BAFC10007251D /* MC3Team18App.swift */,
				78DD4FC92A5BB0370007251D /* Resources */,
				78DD4FCC2A5BB04C0007251D /* View */,
				78DD4FCB2A5BB04A0007251D /* Model */,
				78DD4FBD2A5BAFC20007251D /* Preview Content */,
				78DD4FC52A5BB0140007251D /* Global */,
			);
			path = MC3Team18;
			sourceTree = "<group>";
		};
		78DD4FBD2A5BAFC20007251D /* Preview Content */ = {
			isa = PBXGroup;
			children = (
				78DD4FBE2A5BAFC20007251D /* Preview Assets.xcassets */,
			);
			path = "Preview Content";
			sourceTree = "<group>";
		};
		78DD4FC52A5BB0140007251D /* Global */ = {
			isa = PBXGroup;
			children = (
				78777F082A5E8E36008826DA /* Enum */,
				78DD4FC82A5BB0310007251D /* Extension */,
				78DD4FC72A5BB0240007251D /* Components */,
				78DD4FC62A5BB01F0007251D /* Modifier */,
			);
			path = Global;
			sourceTree = "<group>";
		};
		78DD4FC62A5BB01F0007251D /* Modifier */ = {
			isa = PBXGroup;
			children = (
				78BE77D82A5D69B80028A446 /* PretendardText.swift */,
				78BE77DE2A5D6DAA0028A446 /* PostNoBillsJaffnaText.swift */,
			);
			path = Modifier;
			sourceTree = "<group>";
		};
		78DD4FC72A5BB0240007251D /* Components */ = {
			isa = PBXGroup;
			children = (
				7813FCA32A5EBB1A00B588DA /* MultiPreview.swift */,
			);
			path = Components;
			sourceTree = "<group>";
		};
		78DD4FC82A5BB0310007251D /* Extension */ = {
			isa = PBXGroup;
			children = (
				78BE77DA2A5D6A160028A446 /* FontExtension.swift */,
				78BE77DC2A5D6AC20028A446 /* ViewExtension.swift */,
				E53CEA1D2A5E23E200BE59B9 /* ColorExtension.swift */,
			);
			path = Extension;
			sourceTree = "<group>";
		};
		78DD4FC92A5BB0370007251D /* Resources */ = {
			isa = PBXGroup;
			children = (
				78DD4FCA2A5BB0430007251D /* Fonts */,
				78DD4FBB2A5BAFC20007251D /* Assets.xcassets */,
			);
			path = Resources;
			sourceTree = "<group>";
		};
		78DD4FCA2A5BB0430007251D /* Fonts */ = {
			isa = PBXGroup;
			children = (
				78BE77CE2A5D69440028A446 /* PostNoBillsJaffna-Medium.ttf */,
				78BE77D02A5D69440028A446 /* Pretendard-Bold.otf */,
				78BE77CF2A5D69440028A446 /* Pretendard-Light.otf */,
				78BE77CC2A5D69440028A446 /* Pretendard-Regular.otf */,
				78BE77CD2A5D69440028A446 /* Pretendard-SemiBold.otf */,
			);
			path = Fonts;
			sourceTree = "<group>";
		};
		78DD4FCB2A5BB04A0007251D /* Model */ = {
			isa = PBXGroup;
			children = (
				78BE77C72A5D4E850028A446 /* Sample.swift */,
			);
			path = Model;
			sourceTree = "<group>";
		};
		78DD4FCC2A5BB04C0007251D /* View */ = {
			isa = PBXGroup;
			children = (
				6080598D2A5E723C007A716D /* BubbleGum */,
				78BE77C92A5D4E8B0028A446 /* Chagok */,
				E53CEA1B2A5D42EA00BE59B9 /* SplashView.swift */,
				E53CEA192A5D3E7000BE59B9 /* HomeView.swift */,
			);
			path = View;
			sourceTree = "<group>";
		};
/* End PBXGroup section */

/* Begin PBXNativeTarget section */
		78DD4FB32A5BAFC10007251D /* MC3Team18 */ = {
			isa = PBXNativeTarget;
			buildConfigurationList = 78DD4FC22A5BAFC20007251D /* Build configuration list for PBXNativeTarget "MC3Team18" */;
			buildPhases = (
				78DD4FB02A5BAFC10007251D /* Sources */,
				78DD4FB12A5BAFC10007251D /* Frameworks */,
				78DD4FB22A5BAFC10007251D /* Resources */,
			);
			buildRules = (
			);
			dependencies = (
			);
			name = MC3Team18;
			productName = MC3Team18;
			productReference = 78DD4FB42A5BAFC10007251D /* MC3Team18.app */;
			productType = "com.apple.product-type.application";
		};
/* End PBXNativeTarget section */

/* Begin PBXProject section */
		78DD4FAC2A5BAFC10007251D /* Project object */ = {
			isa = PBXProject;
			attributes = {
				BuildIndependentTargetsInParallel = 1;
				LastSwiftUpdateCheck = 1430;
				LastUpgradeCheck = 1430;
				TargetAttributes = {
					78DD4FB32A5BAFC10007251D = {
						CreatedOnToolsVersion = 14.3.1;
					};
				};
			};
			buildConfigurationList = 78DD4FAF2A5BAFC10007251D /* Build configuration list for PBXProject "MC3Team18" */;
			compatibilityVersion = "Xcode 14.0";
			developmentRegion = en;
			hasScannedForEncodings = 0;
			knownRegions = (
				en,
				Base,
			);
			mainGroup = 78DD4FAB2A5BAFC10007251D;
			productRefGroup = 78DD4FB52A5BAFC10007251D /* Products */;
			projectDirPath = "";
			projectRoot = "";
			targets = (
				78DD4FB32A5BAFC10007251D /* MC3Team18 */,
			);
		};
/* End PBXProject section */

/* Begin PBXResourcesBuildPhase section */
		78DD4FB22A5BAFC10007251D /* Resources */ = {
			isa = PBXResourcesBuildPhase;
			buildActionMask = 2147483647;
			files = (
				78DD4FBF2A5BAFC20007251D /* Preview Assets.xcassets in Resources */,
				78BE77D12A5D69440028A446 /* Pretendard-Regular.otf in Resources */,
				78BE77D52A5D69440028A446 /* Pretendard-Bold.otf in Resources */,
				78DD4FBC2A5BAFC20007251D /* Assets.xcassets in Resources */,
				78BE77D32A5D69440028A446 /* PostNoBillsJaffna-Medium.ttf in Resources */,
				78BE77D22A5D69440028A446 /* Pretendard-SemiBold.otf in Resources */,
				78BE77D42A5D69440028A446 /* Pretendard-Light.otf in Resources */,
			);
			runOnlyForDeploymentPostprocessing = 0;
		};
/* End PBXResourcesBuildPhase section */

/* Begin PBXSourcesBuildPhase section */
		78DD4FB02A5BAFC10007251D /* Sources */ = {
			isa = PBXSourcesBuildPhase;
			buildActionMask = 2147483647;
			files = (
				6080599B2A5FF5C6007A716D /* BubbleGumWaitingView.swift in Sources */,
				7872CA6B2A5CFB9400FC8444 /* ChagokTutorialView.swift in Sources */,
				78777F0E2A5E9630008826DA /* ChagokPauseView.swift in Sources */,
				78BE77C82A5D4E850028A446 /* Sample.swift in Sources */,
				78BE77DF2A5D6DAA0028A446 /* PostNoBillsJaffnaText.swift in Sources */,
				7872CA6D2A5CFBA200FC8444 /* ChagokGameOverView.swift in Sources */,
				784A209D2A5E8C9B0091B59F /* GameSelection.swift in Sources */,
				2F2CE2322A5E52E1009043BD /* ChagokARViewContainer.swift in Sources */,
				2F2CE2302A5E52C3009043BD /* ChagokSKScene.swift in Sources */,
				608059892A5E71DC007A716D /* BubbleGumTutorialView.swift in Sources */,
				E53CEA1E2A5E23E200BE59B9 /* ColorExtension.swift in Sources */,
				6080598B2A5E71DC007A716D /* BubbleGumStatusView.swift in Sources */,
				7872CA692A5CFB8C00FC8444 /* ChagokGameView.swift in Sources */,
				6080598A2A5E71DC007A716D /* BubbleGumGameOverView.swift in Sources */,
				78BE77DD2A5D6AC20028A446 /* ViewExtension.swift in Sources */,
				78777F0C2A5E9594008826DA /* ChagokStatus.swift in Sources */,
				608059952A5FF0EA007A716D /* BubbleGumStatus.swift in Sources */,
				7813FCA42A5EBB1A00B588DA /* MultiPreview.swift in Sources */,
				E53CEA1A2A5D3E7000BE59B9 /* HomeView.swift in Sources */,
				78BE77D92A5D69B80028A446 /* PretendardText.swift in Sources */,
				E53CEA1C2A5D42EA00BE59B9 /* SplashView.swift in Sources */,
				6080599D2A60272E007A716D /* BubbleGumGameView.swift in Sources */,
				78BE77DB2A5D6A160028A446 /* FontExtension.swift in Sources */,
				78DD4FB82A5BAFC10007251D /* MC3Team18App.swift in Sources */,
			);
			runOnlyForDeploymentPostprocessing = 0;
		};
/* End PBXSourcesBuildPhase section */

/* Begin XCBuildConfiguration section */
		78DD4FC02A5BAFC20007251D /* Debug */ = {
			isa = XCBuildConfiguration;
			buildSettings = {
				ALWAYS_SEARCH_USER_PATHS = NO;
				CLANG_ANALYZER_NONNULL = YES;
				CLANG_ANALYZER_NUMBER_OBJECT_CONVERSION = YES_AGGRESSIVE;
				CLANG_CXX_LANGUAGE_STANDARD = "gnu++20";
				CLANG_ENABLE_MODULES = YES;
				CLANG_ENABLE_OBJC_ARC = YES;
				CLANG_ENABLE_OBJC_WEAK = YES;
				CLANG_WARN_BLOCK_CAPTURE_AUTORELEASING = YES;
				CLANG_WARN_BOOL_CONVERSION = YES;
				CLANG_WARN_COMMA = YES;
				CLANG_WARN_CONSTANT_CONVERSION = YES;
				CLANG_WARN_DEPRECATED_OBJC_IMPLEMENTATIONS = YES;
				CLANG_WARN_DIRECT_OBJC_ISA_USAGE = YES_ERROR;
				CLANG_WARN_DOCUMENTATION_COMMENTS = YES;
				CLANG_WARN_EMPTY_BODY = YES;
				CLANG_WARN_ENUM_CONVERSION = YES;
				CLANG_WARN_INFINITE_RECURSION = YES;
				CLANG_WARN_INT_CONVERSION = YES;
				CLANG_WARN_NON_LITERAL_NULL_CONVERSION = YES;
				CLANG_WARN_OBJC_IMPLICIT_RETAIN_SELF = YES;
				CLANG_WARN_OBJC_LITERAL_CONVERSION = YES;
				CLANG_WARN_OBJC_ROOT_CLASS = YES_ERROR;
				CLANG_WARN_QUOTED_INCLUDE_IN_FRAMEWORK_HEADER = YES;
				CLANG_WARN_RANGE_LOOP_ANALYSIS = YES;
				CLANG_WARN_STRICT_PROTOTYPES = YES;
				CLANG_WARN_SUSPICIOUS_MOVE = YES;
				CLANG_WARN_UNGUARDED_AVAILABILITY = YES_AGGRESSIVE;
				CLANG_WARN_UNREACHABLE_CODE = YES;
				CLANG_WARN__DUPLICATE_METHOD_MATCH = YES;
				COPY_PHASE_STRIP = NO;
				DEBUG_INFORMATION_FORMAT = dwarf;
				ENABLE_STRICT_OBJC_MSGSEND = YES;
				ENABLE_TESTABILITY = YES;
				GCC_C_LANGUAGE_STANDARD = gnu11;
				GCC_DYNAMIC_NO_PIC = NO;
				GCC_NO_COMMON_BLOCKS = YES;
				GCC_OPTIMIZATION_LEVEL = 0;
				GCC_PREPROCESSOR_DEFINITIONS = (
					"DEBUG=1",
					"$(inherited)",
				);
				GCC_WARN_64_TO_32_BIT_CONVERSION = YES;
				GCC_WARN_ABOUT_RETURN_TYPE = YES_ERROR;
				GCC_WARN_UNDECLARED_SELECTOR = YES;
				GCC_WARN_UNINITIALIZED_AUTOS = YES_AGGRESSIVE;
				GCC_WARN_UNUSED_FUNCTION = YES;
				GCC_WARN_UNUSED_VARIABLE = YES;
				IPHONEOS_DEPLOYMENT_TARGET = 16.4;
				MTL_ENABLE_DEBUG_INFO = INCLUDE_SOURCE;
				MTL_FAST_MATH = YES;
				ONLY_ACTIVE_ARCH = YES;
				SDKROOT = iphoneos;
				SWIFT_ACTIVE_COMPILATION_CONDITIONS = DEBUG;
				SWIFT_OPTIMIZATION_LEVEL = "-Onone";
			};
			name = Debug;
		};
		78DD4FC12A5BAFC20007251D /* Release */ = {
			isa = XCBuildConfiguration;
			buildSettings = {
				ALWAYS_SEARCH_USER_PATHS = NO;
				CLANG_ANALYZER_NONNULL = YES;
				CLANG_ANALYZER_NUMBER_OBJECT_CONVERSION = YES_AGGRESSIVE;
				CLANG_CXX_LANGUAGE_STANDARD = "gnu++20";
				CLANG_ENABLE_MODULES = YES;
				CLANG_ENABLE_OBJC_ARC = YES;
				CLANG_ENABLE_OBJC_WEAK = YES;
				CLANG_WARN_BLOCK_CAPTURE_AUTORELEASING = YES;
				CLANG_WARN_BOOL_CONVERSION = YES;
				CLANG_WARN_COMMA = YES;
				CLANG_WARN_CONSTANT_CONVERSION = YES;
				CLANG_WARN_DEPRECATED_OBJC_IMPLEMENTATIONS = YES;
				CLANG_WARN_DIRECT_OBJC_ISA_USAGE = YES_ERROR;
				CLANG_WARN_DOCUMENTATION_COMMENTS = YES;
				CLANG_WARN_EMPTY_BODY = YES;
				CLANG_WARN_ENUM_CONVERSION = YES;
				CLANG_WARN_INFINITE_RECURSION = YES;
				CLANG_WARN_INT_CONVERSION = YES;
				CLANG_WARN_NON_LITERAL_NULL_CONVERSION = YES;
				CLANG_WARN_OBJC_IMPLICIT_RETAIN_SELF = YES;
				CLANG_WARN_OBJC_LITERAL_CONVERSION = YES;
				CLANG_WARN_OBJC_ROOT_CLASS = YES_ERROR;
				CLANG_WARN_QUOTED_INCLUDE_IN_FRAMEWORK_HEADER = YES;
				CLANG_WARN_RANGE_LOOP_ANALYSIS = YES;
				CLANG_WARN_STRICT_PROTOTYPES = YES;
				CLANG_WARN_SUSPICIOUS_MOVE = YES;
				CLANG_WARN_UNGUARDED_AVAILABILITY = YES_AGGRESSIVE;
				CLANG_WARN_UNREACHABLE_CODE = YES;
				CLANG_WARN__DUPLICATE_METHOD_MATCH = YES;
				COPY_PHASE_STRIP = NO;
				DEBUG_INFORMATION_FORMAT = "dwarf-with-dsym";
				ENABLE_NS_ASSERTIONS = NO;
				ENABLE_STRICT_OBJC_MSGSEND = YES;
				GCC_C_LANGUAGE_STANDARD = gnu11;
				GCC_NO_COMMON_BLOCKS = YES;
				GCC_WARN_64_TO_32_BIT_CONVERSION = YES;
				GCC_WARN_ABOUT_RETURN_TYPE = YES_ERROR;
				GCC_WARN_UNDECLARED_SELECTOR = YES;
				GCC_WARN_UNINITIALIZED_AUTOS = YES_AGGRESSIVE;
				GCC_WARN_UNUSED_FUNCTION = YES;
				GCC_WARN_UNUSED_VARIABLE = YES;
				IPHONEOS_DEPLOYMENT_TARGET = 16.4;
				MTL_ENABLE_DEBUG_INFO = NO;
				MTL_FAST_MATH = YES;
				SDKROOT = iphoneos;
				SWIFT_COMPILATION_MODE = wholemodule;
				SWIFT_OPTIMIZATION_LEVEL = "-O";
				VALIDATE_PRODUCT = YES;
			};
			name = Release;
		};
		78DD4FC32A5BAFC20007251D /* Debug */ = {
			isa = XCBuildConfiguration;
			buildSettings = {
				ASSETCATALOG_COMPILER_APPICON_NAME = AppIcon;
				ASSETCATALOG_COMPILER_GLOBAL_ACCENT_COLOR_NAME = AccentColor;
				CODE_SIGN_STYLE = Automatic;
				CURRENT_PROJECT_VERSION = 1;
				DEVELOPMENT_ASSET_PATHS = "\"MC3Team18/Preview Content\"";
				DEVELOPMENT_TEAM = UG6UT639QH;
				ENABLE_PREVIEWS = YES;
				GENERATE_INFOPLIST_FILE = YES;
				INFOPLIST_KEY_NSCameraUsageDescription = "\"얼굴추적\"";
				INFOPLIST_KEY_UIApplicationSceneManifest_Generation = YES;
				INFOPLIST_KEY_UIApplicationSupportsIndirectInputEvents = YES;
				INFOPLIST_KEY_UILaunchScreen_Generation = YES;
				INFOPLIST_KEY_UISupportedInterfaceOrientations_iPad = "UIInterfaceOrientationPortrait UIInterfaceOrientationPortraitUpsideDown UIInterfaceOrientationLandscapeLeft UIInterfaceOrientationLandscapeRight";
				INFOPLIST_KEY_UISupportedInterfaceOrientations_iPhone = "UIInterfaceOrientationPortrait UIInterfaceOrientationLandscapeLeft UIInterfaceOrientationLandscapeRight";
				LD_RUNPATH_SEARCH_PATHS = (
					"$(inherited)",
					"@executable_path/Frameworks",
				);
				MARKETING_VERSION = 1.0;
				PRODUCT_BUNDLE_IDENTIFIER = com.EwookIDLE.MC3Team18;
				PRODUCT_NAME = "$(TARGET_NAME)";
				SWIFT_EMIT_LOC_STRINGS = YES;
				SWIFT_VERSION = 5.0;
				TARGETED_DEVICE_FAMILY = "1,2";
			};
			name = Debug;
		};
		78DD4FC42A5BAFC20007251D /* Release */ = {
			isa = XCBuildConfiguration;
			buildSettings = {
				ASSETCATALOG_COMPILER_APPICON_NAME = AppIcon;
				ASSETCATALOG_COMPILER_GLOBAL_ACCENT_COLOR_NAME = AccentColor;
				CODE_SIGN_STYLE = Automatic;
				CURRENT_PROJECT_VERSION = 1;
				DEVELOPMENT_ASSET_PATHS = "\"MC3Team18/Preview Content\"";
				DEVELOPMENT_TEAM = D97KNF9M4D;
				ENABLE_PREVIEWS = YES;
				GENERATE_INFOPLIST_FILE = YES;
				INFOPLIST_KEY_NSCameraUsageDescription = "\"얼굴추적\"";
				INFOPLIST_KEY_UIApplicationSceneManifest_Generation = YES;
				INFOPLIST_KEY_UIApplicationSupportsIndirectInputEvents = YES;
				INFOPLIST_KEY_UILaunchScreen_Generation = YES;
				INFOPLIST_KEY_UISupportedInterfaceOrientations_iPad = "UIInterfaceOrientationPortrait UIInterfaceOrientationPortraitUpsideDown UIInterfaceOrientationLandscapeLeft UIInterfaceOrientationLandscapeRight";
				INFOPLIST_KEY_UISupportedInterfaceOrientations_iPhone = "UIInterfaceOrientationPortrait UIInterfaceOrientationLandscapeLeft UIInterfaceOrientationLandscapeRight";
				LD_RUNPATH_SEARCH_PATHS = (
					"$(inherited)",
					"@executable_path/Frameworks",
				);
				MARKETING_VERSION = 1.0;
				PRODUCT_BUNDLE_IDENTIFIER = com.EwookIDLE.MC3Team18;
				PRODUCT_NAME = "$(TARGET_NAME)";
				SWIFT_EMIT_LOC_STRINGS = YES;
				SWIFT_VERSION = 5.0;
				TARGETED_DEVICE_FAMILY = "1,2";
			};
			name = Release;
		};
/* End XCBuildConfiguration section */

/* Begin XCConfigurationList section */
		78DD4FAF2A5BAFC10007251D /* Build configuration list for PBXProject "MC3Team18" */ = {
			isa = XCConfigurationList;
			buildConfigurations = (
				78DD4FC02A5BAFC20007251D /* Debug */,
				78DD4FC12A5BAFC20007251D /* Release */,
			);
			defaultConfigurationIsVisible = 0;
			defaultConfigurationName = Release;
		};
		78DD4FC22A5BAFC20007251D /* Build configuration list for PBXNativeTarget "MC3Team18" */ = {
			isa = XCConfigurationList;
			buildConfigurations = (
				78DD4FC32A5BAFC20007251D /* Debug */,
				78DD4FC42A5BAFC20007251D /* Release */,
			);
			defaultConfigurationIsVisible = 0;
			defaultConfigurationName = Release;
		};
/* End XCConfigurationList section */
	};
	rootObject = 78DD4FAC2A5BAFC10007251D /* Project object */;
}
